{
  "version": 4,
  "terraform_version": "1.12.2",
  "serial": 911,
  "lineage": "e7e41a18-5c14-e289-5d79-728c1eab3bbd",
  "outputs": {},
  "resources": [
    {
      "mode": "managed",
      "type": "aws_db_subnet_group",
      "name": "rds",
      "provider": "provider[\"registry.terraform.io/hashicorp/aws\"]",
      "instances": [
        {
          "schema_version": 0,
          "attributes": {
            "arn": "arn:aws:rds:us-east-1:250139002704:subgrp:rds-db-subnet-group",
            "description": "Managed by Terraform",
            "id": "rds-db-subnet-group",
            "name": "rds-db-subnet-group",
            "name_prefix": "",
            "region": "us-east-1",
            "subnet_ids": [
              "subnet-084b6ee2727b5fe60",
              "subnet-0c617a6e17646692e",
              "subnet-0eb42a8302f1400c9"
            ],
            "supported_network_types": [
              "IPV4"
            ],
            "tags": {
              "Cluster": "testing-env",
              "CreatedBY": "TerraformDevops",
              "Environment": "Development",
              "Owner": "DevOps Team",
              "Project": "Integrate-Infrastructure"
            },
            "tags_all": {
              "Cluster": "testing-env",
              "CreatedBY": "TerraformDevops",
              "Environment": "Development",
              "Owner": "DevOps Team",
              "Project": "Integrate-Infrastructure"
            },
            "vpc_id": "vpc-0cca03bbf267428ef"
          },
          "sensitive_attributes": [],
          "identity_schema_version": 0,
          "private": "bnVsbA==",
          "dependencies": [
            "module.networking.aws_subnet.private",
            "module.networking.aws_vpc.eks_network"
          ]
        }
      ]
    },
    {
      "module": "module.compute",
      "mode": "data",
      "type": "aws_kms_key",
      "name": "eks_kms_key_arn",
      "provider": "provider[\"registry.terraform.io/hashicorp/aws\"]",
      "instances": [
        {
          "schema_version": 0,
          "attributes": {
            "arn": "arn:aws:kms:us-east-1:250139002704:key/66e757c7-3074-41dc-92c3-63627c7351a9",
            "aws_account_id": "250139002704",
            "cloud_hsm_cluster_id": "",
            "creation_date": "2025-07-05T13:41:22Z",
            "custom_key_store_id": "",
            "customer_master_key_spec": "SYMMETRIC_DEFAULT",
            "deletion_date": null,
            "description": "My symmetric encryption key",
            "enabled": true,
            "expiration_model": "",
            "grant_tokens": null,
            "id": "66e757c7-3074-41dc-92c3-63627c7351a9",
            "key_id": "66e757c7-3074-41dc-92c3-63627c7351a9",
            "key_manager": "CUSTOMER",
            "key_spec": "SYMMETRIC_DEFAULT",
            "key_state": "Enabled",
            "key_usage": "ENCRYPT_DECRYPT",
            "multi_region": false,
            "multi_region_configuration": [],
            "origin": "AWS_KMS",
            "pending_deletion_window_in_days": 0,
            "region": "us-east-1",
            "valid_to": null,
            "xks_key_configuration": []
          },
          "sensitive_attributes": [],
          "identity_schema_version": 0
        }
      ]
    },
    {
      "module": "module.compute",
      "mode": "data",
      "type": "tls_certificate",
      "name": "eks",
      "provider": "provider[\"registry.terraform.io/hashicorp/tls\"]",
      "instances": [
        {
          "schema_version": 0,
          "attributes": {
            "certificates": [
              {
                "cert_pem": "-----BEGIN CERTIFICATE-----\nMIIEdTCCA12gAwIBAgIJAKcOSkw0grd/MA0GCSqGSIb3DQEBCwUAMGgxCzAJBgNV\nBAYTAlVTMSUwIwYDVQQKExxTdGFyZmllbGQgVGVjaG5vbG9naWVzLCBJbmMuMTIw\nMAYDVQQLEylTdGFyZmllbGQgQ2xhc3MgMiBDZXJ0aWZpY2F0aW9uIEF1dGhvcml0\neTAeFw0wOTA5MDIwMDAwMDBaFw0zNDA2MjgxNzM5MTZaMIGYMQswCQYDVQQGEwJV\nUzEQMA4GA1UECBMHQXJpem9uYTETMBEGA1UEBxMKU2NvdHRzZGFsZTElMCMGA1UE\nChMcU3RhcmZpZWxkIFRlY2hub2xvZ2llcywgSW5jLjE7MDkGA1UEAxMyU3RhcmZp\nZWxkIFNlcnZpY2VzIFJvb3QgQ2VydGlmaWNhdGUgQXV0aG9yaXR5IC0gRzIwggEi\nMA0GCSqGSIb3DQEBAQUAA4IBDwAwggEKAoIBAQDVDDrEKvlO4vW+GZdfjohTsR8/\ny8+fIBNtKTrID30892t2OGPZNmCom15cAICyL1l/9of5JUOG52kbUpqQ4XHj2C0N\nTm/2yEnZtvMaVq4rtnQU68/7JuMauh2WLmo7WJSJR1b/JaCTcFOD2oR0FMNnngRo\nOt+OQFodSk7PQ5E751bWAHDLUu57fa4657wx+UX2wmDPE1kCK4DMNEffud6QZW0C\nzyyRpqbn3oUYSXxmTqM6bam17jQuug0DuDPfR+uxa40l2ZvOgdFFRjKWcIfeAg5J\nQ4W2bHO7ZOphQazJ1FTfhy/HIrImzJ9ZVGif/L4qL8RVHHVAYBeFAlU5i38FAgMB\nAAGjgfAwge0wDwYDVR0TAQH/BAUwAwEB/zAOBgNVHQ8BAf8EBAMCAYYwHQYDVR0O\nBBYEFJxfAN+qAdcwKziIorhtSpzyEZGDMB8GA1UdIwQYMBaAFL9ft9HO3R+G9FtV\nrNzXEMIOqYjnME8GCCsGAQUFBwEBBEMwQTAcBggrBgEFBQcwAYYQaHR0cDovL28u\nc3MyLnVzLzAhBggrBgEFBQcwAoYVaHR0cDovL3guc3MyLnVzL3guY2VyMCYGA1Ud\nHwQfMB0wG6AZoBeGFWh0dHA6Ly9zLnNzMi51cy9yLmNybDARBgNVHSAECjAIMAYG\nBFUdIAAwDQYJKoZIhvcNAQELBQADggEBACMd44pXyn3pF3lM8R5V/cxTbj5HD9/G\nVfKyBDbtgB9TxF00KGu+x1X8Z+rLP3+QsjPNG1gQggL4+C/1E2DUBc7xgQjB3ad1\nl08YuW3e95ORCLp+QCztweq7dp4zBncdDQh/U90bZKuCJ/Fp1U1ervShw3WnWEQt\n8jxwmKy6abaVd38PMV4s/KCHOkdp8Hlf9BRUpJVeEXgSYCfOn8J3/yNTd126/+pZ\n59vPr5KW7ySaNRB6nJHGDn2Z9j8Z3/VyVOEVqQdZe4O/Ui5GjLIAZHYcSNPYeehu\nVsyuLAOQ1xk4meTKCRlb/weWsKh/NEnfVqn3sF/tM+2MR7cwA130A4w=\n-----END CERTIFICATE-----\n",
                "is_ca": true,
                "issuer": "OU=Starfield Class 2 Certification Authority,O=Starfield Technologies\\, Inc.,C=US",
                "not_after": "2034-06-28T17:39:16Z",
                "not_before": "2009-09-02T00:00:00Z",
                "public_key_algorithm": "RSA",
                "serial_number": "12037640545166866303",
                "sha1_fingerprint": "9e99a48a9960b14926bb7f3b02e22da2b0ab7280",
                "signature_algorithm": "SHA256-RSA",
                "subject": "CN=Starfield Services Root Certificate Authority - G2,O=Starfield Technologies\\, Inc.,L=Scottsdale,ST=Arizona,C=US",
                "version": 3
              },
              {
                "cert_pem": "-----BEGIN CERTIFICATE-----\nMIIEkjCCA3qgAwIBAgITBn+USionzfP6wq4rAfkI7rnExjANBgkqhkiG9w0BAQsF\nADCBmDELMAkGA1UEBhMCVVMxEDAOBgNVBAgTB0FyaXpvbmExEzARBgNVBAcTClNj\nb3R0c2RhbGUxJTAjBgNVBAoTHFN0YXJmaWVsZCBUZWNobm9sb2dpZXMsIEluYy4x\nOzA5BgNVBAMTMlN0YXJmaWVsZCBTZXJ2aWNlcyBSb290IENlcnRpZmljYXRlIEF1\ndGhvcml0eSAtIEcyMB4XDTE1MDUyNTEyMDAwMFoXDTM3MTIzMTAxMDAwMFowOTEL\nMAkGA1UEBhMCVVMxDzANBgNVBAoTBkFtYXpvbjEZMBcGA1UEAxMQQW1hem9uIFJv\nb3QgQ0EgMTCCASIwDQYJKoZIhvcNAQEBBQADggEPADCCAQoCggEBALJ4gHHKeNXj\nca9HgFB0fW7Y14h29Jlo91ghYPl0hAEvrAIthtOgQ3pOsqTQNroBvo3bSMgHFzZM\n9O6II8c+6zf1tRn4SWiw3te5djgdYZ6k/oI2peVKVuRF4fn9tBb6dNqcmzU5L/qw\nIFAGbHrQgLKm+a/sRxmPUDgH3KKHOVj4utWp+UhnMJbulHheb4mjUcAwhmahRWa6\nVOujw5H5SNz/0egwLX0tdHA114gk957EWW67c4cX8jJGKLhD+rcdqsq08p8kDi1L\n93FcXmn/6pUCyziKrlA4b9v7LWIbxcceVOF34GfID5yHI9Y/QCB/IIDEgEw+OyQm\njgSubJrIqg0CAwEAAaOCATEwggEtMA8GA1UdEwEB/wQFMAMBAf8wDgYDVR0PAQH/\nBAQDAgGGMB0GA1UdDgQWBBSEGMyFNOy8DJSULghZnMeyEE4KCDAfBgNVHSMEGDAW\ngBScXwDfqgHXMCs4iKK4bUqc8hGRgzB4BggrBgEFBQcBAQRsMGowLgYIKwYBBQUH\nMAGGImh0dHA6Ly9vY3NwLnJvb3RnMi5hbWF6b250cnVzdC5jb20wOAYIKwYBBQUH\nMAKGLGh0dHA6Ly9jcnQucm9vdGcyLmFtYXpvbnRydXN0LmNvbS9yb290ZzIuY2Vy\nMD0GA1UdHwQ2MDQwMqAwoC6GLGh0dHA6Ly9jcmwucm9vdGcyLmFtYXpvbnRydXN0\nLmNvbS9yb290ZzIuY3JsMBEGA1UdIAQKMAgwBgYEVR0gADANBgkqhkiG9w0BAQsF\nAAOCAQEAYjdCXLwQtT6LLOkMm2xF4gcAevnFWAu5CIw+7bMlPLVvUOTNNWqnkzSW\nMiGpSESrnO09tKpzbeR/FoCJbM8oAxiDR3mjEH4wW6w7sGDgd9QIpuEdfF7Au/ma\neyKdpwAJfqxGF4PcnCZXmTA5YpaP7dreqsXMGz7KQ2hsVxa81Q4gLv7/wmpdLqBK\nbRRYh5TmOTFffHPLkIhqhBGWJ6bt2YFGpn6jcgAKUj6DiAdjd4lpFw85hdKrCEVN\n0FE6/V1dN2RMfjCyVSRCnTawXZwXgWHxyvkQAiSr6w10kY17RSlQOYiypok1JR4U\nakcjMS9cmvqtmg5iUaQqqcT5NJ0hGA==\n-----END CERTIFICATE-----\n",
                "is_ca": true,
                "issuer": "CN=Starfield Services Root Certificate Authority - G2,O=Starfield Technologies\\, Inc.,L=Scottsdale,ST=Arizona,C=US",
                "not_after": "2037-12-31T01:00:00Z",
                "not_before": "2015-05-25T12:00:00Z",
                "public_key_algorithm": "RSA",
                "serial_number": "144918191876577076464031512351042010504348870",
                "sha1_fingerprint": "06b25927c42a721631c1efd9431e648fa62e1e39",
                "signature_algorithm": "SHA256-RSA",
                "subject": "CN=Amazon Root CA 1,O=Amazon,C=US",
                "version": 3
              },
              {
                "cert_pem": "-----BEGIN CERTIFICATE-----\nMIIEXjCCA0agAwIBAgITB3MSTNQG0mfAmRzdKZqfODF5hTANBgkqhkiG9w0BAQsF\nADA5MQswCQYDVQQGEwJVUzEPMA0GA1UEChMGQW1hem9uMRkwFwYDVQQDExBBbWF6\nb24gUm9vdCBDQSAxMB4XDTIyMDgyMzIyMjYwNFoXDTMwMDgyMzIyMjYwNFowPDEL\nMAkGA1UEBhMCVVMxDzANBgNVBAoTBkFtYXpvbjEcMBoGA1UEAxMTQW1hem9uIFJT\nQSAyMDQ4IE0wMzCCASIwDQYJKoZIhvcNAQEBBQADggEPADCCAQoCggEBALd/pVko\n8vuM475Tf45HV3BbCl/B9Jy89G1CRkFjcPY06WA9lS+7dWbUA7GtWUKoksr69hKM\nwcMsNpxlw7b3jeXFgxB09/nmalcAWtnLzF+LaDKEA5DQmvKzuh1nfIfqEiKCQSmX\nXh09Xs+dO7cm5qbaL2hhNJCSAejciwcvOFgFNgEMR42wm6KIFHsQW28jhA+1u/M0\np6fVwReuEgZfLfdx82Px0LJck3lST3EB/JfbdsdOzzzg5YkY1dfuqf8y5fUeZ7Cz\nWXbTjujwX/TovmeWKA36VLCz75azW6tDNuDn66FOpADZZ9omVaF6BqNJiLMVl6P3\n/c0OiUMC6Z5OfKcCAwEAAaOCAVowggFWMBIGA1UdEwEB/wQIMAYBAf8CAQAwDgYD\nVR0PAQH/BAQDAgGGMB0GA1UdJQQWMBQGCCsGAQUFBwMBBggrBgEFBQcDAjAdBgNV\nHQ4EFgQUVdkYX9IczAHhWLS+q9lVQgHXLgIwHwYDVR0jBBgwFoAUhBjMhTTsvAyU\nlC4IWZzHshBOCggwewYIKwYBBQUHAQEEbzBtMC8GCCsGAQUFBzABhiNodHRwOi8v\nb2NzcC5yb290Y2ExLmFtYXpvbnRydXN0LmNvbTA6BggrBgEFBQcwAoYuaHR0cDov\nL2NydC5yb290Y2ExLmFtYXpvbnRydXN0LmNvbS9yb290Y2ExLmNlcjA/BgNVHR8E\nODA2MDSgMqAwhi5odHRwOi8vY3JsLnJvb3RjYTEuYW1hem9udHJ1c3QuY29tL3Jv\nb3RjYTEuY3JsMBMGA1UdIAQMMAowCAYGZ4EMAQIBMA0GCSqGSIb3DQEBCwUAA4IB\nAQAGjeWm2cC+3z2MzSCnte46/7JZvj3iQZDY7EvODNdZF41n71Lrk9kbfNwerK0d\nVNzW36Wefr7j7ZSwBVg50W5ay65jNSN74TTQV1yt4WnSbVvN6KlMs1hiyOZdoHKs\nKDV2UGNxbdoBYCQNa2GYF8FQIWLugNp35aSOpMy6cFlymFQomIrnOQHwK1nvVY4q\nxDSJMU/gNJz17D8ArPN3ngnyZ2TwepJ0uBINz3G5te2rdFUF4i4Y3Bb7FUlHDYm4\nu8aIRGpk2ZpfXmxaoxnbIBZRvGLPSUuPwnwoUOMsJ8jirI5vs2dvchPb7MtI1rle\ni02f2ivH2vxkjDLltSpe2fiC\n-----END CERTIFICATE-----\n",
                "is_ca": true,
                "issuer": "CN=Amazon Root CA 1,O=Amazon,C=US",
                "not_after": "2030-08-23T22:26:04Z",
                "not_before": "2022-08-23T22:26:04Z",
                "public_key_algorithm": "RSA",
                "serial_number": "166129356476704345391986644047206454194698629",
                "sha1_fingerprint": "d9fe0a65fa00cabf61f5120d373a8135e1461f15",
                "signature_algorithm": "SHA256-RSA",
                "subject": "CN=Amazon RSA 2048 M03,O=Amazon,C=US",
                "version": 3
              },
              {
                "cert_pem": "-----BEGIN CERTIFICATE-----\nMIIF5zCCBM+gAwIBAgIQB8/B5LYdWaaSLNb9DZLprTANBgkqhkiG9w0BAQsFADA8\nMQswCQYDVQQGEwJVUzEPMA0GA1UEChMGQW1hem9uMRwwGgYDVQQDExNBbWF6b24g\nUlNBIDIwNDggTTAzMB4XDTI1MDIyNjAwMDAwMFoXDTI2MDMyNzIzNTk1OVowKDEm\nMCQGA1UEAwwdKi5la3MudXMtZWFzdC0xLmFtYXpvbmF3cy5jb20wggEiMA0GCSqG\nSIb3DQEBAQUAA4IBDwAwggEKAoIBAQCoHWcgrIv/D6CxSXSxAq0GuOPoCJqnVz6U\nMhp1YLE9OZs3jH8EfYlNpGtqOtLa1vZb8Lp4CZdATHTj1SoK01MwmXXIDm2Jj+Km\niQvZ0BBe5xroDWvf3r/LWG/WMkRtR4F+qPb9pVYlM9N3WZdSAKfTQTowGxebugLc\nM/+ZLvAxxdtaXK+LID6JRKRa2BIRHcfILiNJo7vIS/I+DOqXn9Rb0VFnkpYpGE+k\nm47kVkFFsToior7zlAwPv6VWsm+zZV9zNnCpu9FpJ3vkZE9OGHS6aChtSya2Qpyr\njyF98KIFTQ+FKtDZHf9XLHmV5v/IP2bWk7lzmPYW4PwcPhDUmC9PAgMBAAGjggL3\nMIIC8zAfBgNVHSMEGDAWgBRV2Rhf0hzMAeFYtL6r2VVCAdcuAjAdBgNVHQ4EFgQU\n6mCbzMC1FaJuw7tKpv7muQZDZrowKAYDVR0RBCEwH4IdKi5la3MudXMtZWFzdC0x\nLmFtYXpvbmF3cy5jb20wEwYDVR0gBAwwCjAIBgZngQwBAgEwDgYDVR0PAQH/BAQD\nAgWgMB0GA1UdJQQWMBQGCCsGAQUFBwMBBggrBgEFBQcDAjA7BgNVHR8ENDAyMDCg\nLqAshipodHRwOi8vY3JsLnIybTAzLmFtYXpvbnRydXN0LmNvbS9yMm0wMy5jcmww\ndQYIKwYBBQUHAQEEaTBnMC0GCCsGAQUFBzABhiFodHRwOi8vb2NzcC5yMm0wMy5h\nbWF6b250cnVzdC5jb20wNgYIKwYBBQUHMAKGKmh0dHA6Ly9jcnQucjJtMDMuYW1h\nem9udHJ1c3QuY29tL3IybTAzLmNlcjAMBgNVHRMBAf8EAjAAMIIBfwYKKwYBBAHW\neQIEAgSCAW8EggFrAWkAdgAOV5S8866pPjMbLJkHs/eQ35vCPXEyJd0hqSWsYcVO\nIQAAAZVBW4SGAAAEAwBHMEUCIQC+CghIdRNpEnK+JGxaeHOel/pYJSUsog1eklre\nLGmoTwIgAj1vm4d6u/93S7GVfw7qotajiMfgHeEf7lANQf0mxf4AdgBkEcRspBLs\np4kcogIuALyrTygH1B41J6vq/tUDyX3N8AAAAZVBW4Q1AAAEAwBHMEUCIAYyeDIv\nJD1IhUkb1E59cbCwTcAYChrSArEZOOAib3dJAiEAix8XjjqXhMNuji/u2fzLxeZ7\nc5PCtDHWx3Ky7QYBfCUAdwBJnJtp3h187Pw23s2HZKa4W68Kh4AZ0VVS++nrKd34\nwwAAAZVBW4RMAAAEAwBIMEYCIQCsj67XcK6jtETNJEPTYPaFqJOMlNtM0TeJwGhm\nBc81sQIhAJoirhaQzC4ydAzLvjpVqKYyuqLktiHkTqFq8IGxBAkIMA0GCSqGSIb3\nDQEBCwUAA4IBAQAjjE2au5fdV/DrlD3e5zZ5hTB4CicIARTWvJQ6EsQm/vbXPoUY\nSHRZkOodq0AJWEC/RImGu8bnVY8RzGsELkMzI4A8UxdlH2YGP8obg6MfP6yGZaHM\nnS4wLX05EnmrABaoRB/apt7tE4w+yRa7QoxUgiTPpFzaQVv1mTcGaWMG55U8tPg7\nLXm539O4OBukbP8HNvjBZ8+N0RYrtG0u0M4FMX1hMKG0bkjJiU6MVZfGJWcgp7I4\nbd5cj5SfE1EHL70P7ELaocXjnWKbys9Mc870aoRXVfAC4bZWU6F9Ke3O7ioXXd5L\n0mKQwrjkiglpYaXc247Qi8IUCdk6s13xHJ4e\n-----END CERTIFICATE-----\n",
                "is_ca": false,
                "issuer": "CN=Amazon RSA 2048 M03,O=Amazon,C=US",
                "not_after": "2026-03-27T23:59:59Z",
                "not_before": "2025-02-26T00:00:00Z",
                "public_key_algorithm": "RSA",
                "serial_number": "10383334045647432453656403708671617453",
                "sha1_fingerprint": "63462dda480d8b900e0a7dbfaf6238a62ba4fce0",
                "signature_algorithm": "SHA256-RSA",
                "subject": "CN=*.eks.us-east-1.amazonaws.com",
                "version": 3
              }
            ],
            "content": null,
            "id": "922877a0975ad078a65b8ff11ebc47b8311945c7",
            "url": "https://oidc.eks.us-east-1.amazonaws.com/id/571E77E502048B60627E6C201C2FA412",
            "verify_chain": true
          },
          "sensitive_attributes": [],
          "identity_schema_version": 0
        }
      ]
    },
    {
      "module": "module.compute",
      "mode": "managed",
      "type": "aws_cloudwatch_log_group",
      "name": "cluster",
      "provider": "provider[\"registry.terraform.io/hashicorp/aws\"]",
      "instances": [
        {
          "schema_version": 0,
          "attributes": {
            "arn": "arn:aws:logs:us-east-1:250139002704:log-group:/aws/ekslogs/testing-env/cluster",
            "id": "/aws/ekslogs/testing-env/cluster",
            "kms_key_id": "",
            "log_group_class": "STANDARD",
            "name": "/aws/ekslogs/testing-env/cluster",
            "name_prefix": "",
            "region": "us-east-1",
            "retention_in_days": 90,
            "skip_destroy": false,
            "tags": {},
            "tags_all": {}
          },
          "sensitive_attributes": [],
          "identity_schema_version": 0,
          "private": "bnVsbA==",
          "dependencies": [
            "module.networking.aws_eip.eks_network_nat_gateway",
            "module.networking.aws_internet_gateway.eks_network_gateway",
            "module.networking.aws_nat_gateway.eks_network_nat_gateway",
            "module.networking.aws_subnet.public",
            "module.networking.aws_vpc.eks_network",
            "module.networking.data.aws_availability_zones.available"
          ],
          "create_before_destroy": true
        }
      ]
    },
    {
      "module": "module.compute",
      "mode": "managed",
      "type": "aws_eks_addon",
      "name": "coredns",
      "provider": "provider[\"registry.terraform.io/hashicorp/aws\"]",
      "instances": [
        {
          "schema_version": 0,
          "attributes": {
            "addon_name": "coredns",
            "addon_version": "v1.11.4-eksbuild.2",
            "arn": "arn:aws:eks:us-east-1:250139002704:addon/testing-env/coredns/2ccbee2d-6f6b-04de-4e31-fd51bd810154",
            "cluster_name": "testing-env",
            "configuration_values": "",
            "created_at": "2025-07-05T20:50:32Z",
            "id": "testing-env:coredns",
            "modified_at": "2025-07-05T20:50:44Z",
            "pod_identity_association": [],
            "preserve": null,
            "region": "us-east-1",
            "resolve_conflicts_on_create": "OVERWRITE",
            "resolve_conflicts_on_update": null,
            "service_account_role_arn": "",
            "tags": {},
            "tags_all": {},
            "timeouts": null
          },
          "sensitive_attributes": [],
          "identity_schema_version": 0,
          "private": "eyJlMmJmYjczMC1lY2FhLTExZTYtOGY4OC0zNDM2M2JjN2M0YzAiOnsiY3JlYXRlIjoxMjAwMDAwMDAwMDAwLCJkZWxldGUiOjI0MDAwMDAwMDAwMDAsInVwZGF0ZSI6MTIwMDAwMDAwMDAwMH19",
          "dependencies": [
            "module.compute.aws_cloudwatch_log_group.cluster",
            "module.compute.aws_eks_cluster.cluster",
            "module.compute.aws_eks_node_group.worker-node-group_4",
            "module.compute.data.aws_kms_key.eks_kms_key_arn",
            "module.compute.local_file.aws_auth_configmap",
            "module.iam.aws_iam_role.cluster_role",
            "module.iam.aws_iam_role.managed_workers",
            "module.launchtemplate.aws_launch_template.eks_lt",
            "module.launchtemplate.data.aws_ami.eks_image",
            "module.networking.aws_eip.eks_network_nat_gateway",
            "module.networking.aws_internet_gateway.eks_network_gateway",
            "module.networking.aws_nat_gateway.eks_network_nat_gateway",
            "module.networking.aws_security_group.control_plane",
            "module.networking.aws_security_group.worker_node_sg",
            "module.networking.aws_subnet.private",
            "module.networking.aws_subnet.public",
            "module.networking.aws_vpc.eks_network",
            "module.networking.data.aws_availability_zones.available"
          ]
        }
      ]
    },
    {
      "module": "module.compute",
      "mode": "managed",
      "type": "aws_eks_addon",
      "name": "kube-proxy",
      "provider": "provider[\"registry.terraform.io/hashicorp/aws\"]",
      "instances": [
        {
          "schema_version": 0,
          "attributes": {
            "addon_name": "kube-proxy",
            "addon_version": "v1.30.7-eksbuild.2",
            "arn": "arn:aws:eks:us-east-1:250139002704:addon/testing-env/kube-proxy/72cbee2d-6f6d-6a72-11d4-1214d2b718fc",
            "cluster_name": "testing-env",
            "configuration_values": "",
            "created_at": "2025-07-05T20:50:32Z",
            "id": "testing-env:kube-proxy",
            "modified_at": "2025-07-05T20:51:09Z",
            "pod_identity_association": [],
            "preserve": null,
            "region": "us-east-1",
            "resolve_conflicts_on_create": "OVERWRITE",
            "resolve_conflicts_on_update": null,
            "service_account_role_arn": "",
            "tags": {},
            "tags_all": {},
            "timeouts": null
          },
          "sensitive_attributes": [],
          "identity_schema_version": 0,
          "private": "eyJlMmJmYjczMC1lY2FhLTExZTYtOGY4OC0zNDM2M2JjN2M0YzAiOnsiY3JlYXRlIjoxMjAwMDAwMDAwMDAwLCJkZWxldGUiOjI0MDAwMDAwMDAwMDAsInVwZGF0ZSI6MTIwMDAwMDAwMDAwMH19",
          "dependencies": [
            "module.compute.aws_cloudwatch_log_group.cluster",
            "module.compute.aws_eks_cluster.cluster",
            "module.compute.aws_eks_node_group.worker-node-group_4",
            "module.compute.data.aws_kms_key.eks_kms_key_arn",
            "module.compute.local_file.aws_auth_configmap",
            "module.iam.aws_iam_role.cluster_role",
            "module.iam.aws_iam_role.managed_workers",
            "module.launchtemplate.aws_launch_template.eks_lt",
            "module.launchtemplate.data.aws_ami.eks_image",
            "module.networking.aws_eip.eks_network_nat_gateway",
            "module.networking.aws_internet_gateway.eks_network_gateway",
            "module.networking.aws_nat_gateway.eks_network_nat_gateway",
            "module.networking.aws_security_group.control_plane",
            "module.networking.aws_security_group.worker_node_sg",
            "module.networking.aws_subnet.private",
            "module.networking.aws_subnet.public",
            "module.networking.aws_vpc.eks_network",
            "module.networking.data.aws_availability_zones.available"
          ]
        }
      ]
    },
    {
      "module": "module.compute",
      "mode": "managed",
      "type": "aws_eks_addon",
      "name": "vpc-cni",
      "provider": "provider[\"registry.terraform.io/hashicorp/aws\"]",
      "instances": [
        {
          "schema_version": 0,
          "attributes": {
            "addon_name": "vpc-cni",
            "addon_version": "v1.19.2-eksbuild.1",
            "arn": "arn:aws:eks:us-east-1:250139002704:addon/testing-env/vpc-cni/70cbee2d-6f72-dd54-a777-0bf85e4ab725",
            "cluster_name": "testing-env",
            "configuration_values": "",
            "created_at": "2025-07-05T20:50:32Z",
            "id": "testing-env:vpc-cni",
            "modified_at": "2025-07-05T20:51:09Z",
            "pod_identity_association": [],
            "preserve": null,
            "region": "us-east-1",
            "resolve_conflicts_on_create": "OVERWRITE",
            "resolve_conflicts_on_update": null,
            "service_account_role_arn": "",
            "tags": {},
            "tags_all": {},
            "timeouts": null
          },
          "sensitive_attributes": [],
          "identity_schema_version": 0,
          "private": "eyJlMmJmYjczMC1lY2FhLTExZTYtOGY4OC0zNDM2M2JjN2M0YzAiOnsiY3JlYXRlIjoxMjAwMDAwMDAwMDAwLCJkZWxldGUiOjI0MDAwMDAwMDAwMDAsInVwZGF0ZSI6MTIwMDAwMDAwMDAwMH19",
          "dependencies": [
            "module.compute.aws_cloudwatch_log_group.cluster",
            "module.compute.aws_eks_cluster.cluster",
            "module.compute.aws_eks_node_group.worker-node-group_4",
            "module.compute.data.aws_kms_key.eks_kms_key_arn",
            "module.compute.local_file.aws_auth_configmap",
            "module.iam.aws_iam_role.cluster_role",
            "module.iam.aws_iam_role.managed_workers",
            "module.launchtemplate.aws_launch_template.eks_lt",
            "module.launchtemplate.data.aws_ami.eks_image",
            "module.networking.aws_eip.eks_network_nat_gateway",
            "module.networking.aws_internet_gateway.eks_network_gateway",
            "module.networking.aws_nat_gateway.eks_network_nat_gateway",
            "module.networking.aws_security_group.control_plane",
            "module.networking.aws_security_group.worker_node_sg",
            "module.networking.aws_subnet.private",
            "module.networking.aws_subnet.public",
            "module.networking.aws_vpc.eks_network",
            "module.networking.data.aws_availability_zones.available"
          ]
        }
      ]
    },
    {
      "module": "module.compute",
      "mode": "managed",
      "type": "aws_eks_cluster",
      "name": "cluster",
      "provider": "provider[\"registry.terraform.io/hashicorp/aws\"]",
      "instances": [
        {
          "schema_version": 1,
          "attributes": {
            "access_config": [
              {
                "authentication_mode": "CONFIG_MAP",
                "bootstrap_cluster_creator_admin_permissions": true
              }
            ],
            "arn": "arn:aws:eks:us-east-1:250139002704:cluster/testing-env",
            "bootstrap_self_managed_addons": true,
            "certificate_authority": [
              {
                "data": "LS0tLS1CRUdJTiBDRVJUSUZJQ0FURS0tLS0tCk1JSURCVENDQWUyZ0F3SUJBZ0lJVTJtUjBCM1FzTEV3RFFZSktvWklodmNOQVFFTEJRQXdGVEVUTUJFR0ExVUUKQXhNS2EzVmlaWEp1WlhSbGN6QWVGdzB5TlRBM01EVXlNRE0xTlRSYUZ3MHpOVEEzTURNeU1EUXdOVFJhTUJVeApFekFSQmdOVkJBTVRDbXQxWW1WeWJtVjBaWE13Z2dFaU1BMEdDU3FHU0liM0RRRUJBUVVBQTRJQkR3QXdnZ0VLCkFvSUJBUURQeUNIUzF2VVEvSFJFdmszWjlhZVh0bHRmWDRQRkIzcjRudXJYaWE1WW1aK3ZvdC9wc2tHZjluSm0KQ0Z1dDBlT3pCZ0ordVRDL0ljS0toS2xydU8weURMWExQdm1NUXFzSWt6QXBxL240NXRDcVdZQ0M2TTcxZmR6SQpiNXVZY2hlMTAvejI1cWdSbVFPOFk2NnlrbXJTeGlyTXpIQkQ1UDJENVhBV3BySysvOGNiQitSSnd3cjNsUzZFCkxRYVVkNmJpZk9rVllqV0syM1FOa0ZWdzEzUkE4OHc5Z3gvZk5wVmJ5UWVadVlmUUJyRkJaK0ExWmNHZ2MvRkgKVUtvSXJBbk9qaDVUR1JaMGZubnlzVWJRaGJFbkl2bm5zN1ZsUlUzMXlGSmQ5SU9QTWFmSk55SDFkcXpCdzhMbQpZQzUvTTJJVEZJVjl4UDZYeHRmNkdBclg5VWtuQWdNQkFBR2pXVEJYTUE0R0ExVWREd0VCL3dRRUF3SUNwREFQCkJnTlZIUk1CQWY4RUJUQURBUUgvTUIwR0ExVWREZ1FXQkJRb0hLYzRkbDNhelB6bjVhV3VKYWhRdmZXTG1qQVYKQmdOVkhSRUVEakFNZ2dwcmRXSmxjbTVsZEdWek1BMEdDU3FHU0liM0RRRUJDd1VBQTRJQkFRQjhyVDdLL1JEagpLT2I5bUE0aDdFYWY2NGdjOGZLbnVzQ2x2Y2NncXRWcHBEeXlDeStwcEhiWHFHVTl3UDlzVk9GL3VnUkFtNVRPCmhLV3JGNGNFNS90VlFYMG5tQ3Y5ZytSdEM0WnF1ODBrKzd0Tk42bFNPWkFPWHM2RTVBSDhPdm81TDNCSFoya1QKdTNTS2hlTWJIUDhhdHRPK0FMK1VUVTJKNWFwaUc2Wm9tT2dnd3IrMEJ4dVZDN0t6Zlk2aFUxeXAxQTBCeHVoYworVXBtWGJhZU9pbFBneW4vaDVvZHVoYXBrMWRMcEFDTFEvTFp4UExYb1A1SjJwMWRnQ3d3TTNzenFmQVdpZzU2Cm9tVUdndFMybWVVMncwS1dvZWl5NEowTldtTGJPMW1RanRnTytkMVQ0dlBva1E2eUF2cFBTN2hXSkFVM3BYanIKZFRRNmVEaEkxL3M2Ci0tLS0tRU5EIENFUlRJRklDQVRFLS0tLS0K"
              }
            ],
            "cluster_id": null,
            "compute_config": [],
            "created_at": "2025-07-05T20:36:10Z",
            "enabled_cluster_log_types": [
              "api",
              "audit",
              "authenticator",
              "controllerManager",
              "scheduler"
            ],
            "encryption_config": [
              {
                "provider": [
                  {
                    "key_arn": "arn:aws:kms:us-east-1:250139002704:key/66e757c7-3074-41dc-92c3-63627c7351a9"
                  }
                ],
                "resources": [
                  "secrets"
                ]
              }
            ],
            "endpoint": "https://571E77E502048B60627E6C201C2FA412.gr7.us-east-1.eks.amazonaws.com",
            "force_update_version": null,
            "id": "testing-env",
            "identity": [
              {
                "oidc": [
                  {
                    "issuer": "https://oidc.eks.us-east-1.amazonaws.com/id/571E77E502048B60627E6C201C2FA412"
                  }
                ]
              }
            ],
            "kubernetes_network_config": [
              {
                "elastic_load_balancing": [
                  {
                    "enabled": false
                  }
                ],
                "ip_family": "ipv4",
                "service_ipv4_cidr": "10.100.0.0/16",
                "service_ipv6_cidr": ""
              }
            ],
            "name": "testing-env",
            "outpost_config": [],
            "platform_version": "eks.13",
            "region": "us-east-1",
            "remote_network_config": [],
            "role_arn": "arn:aws:iam::250139002704:role/testing-env-staging-cluster-role",
            "status": "ACTIVE",
            "storage_config": [],
            "tags": {
              "Cluster": "testing-env",
              "CreatedBY": "TerraformDevops",
              "Environment": "Development",
              "Owner": "DevOps Team",
              "Project": "Integrate-Infrastructure"
            },
            "tags_all": {
              "Cluster": "testing-env",
              "CreatedBY": "TerraformDevops",
              "Environment": "Development",
              "Owner": "DevOps Team",
              "Project": "Integrate-Infrastructure"
            },
            "timeouts": null,
            "upgrade_policy": [
              {
                "support_type": "EXTENDED"
              }
            ],
            "version": "1.32",
            "vpc_config": [
              {
                "cluster_security_group_id": "sg-06d1d400419118b10",
                "endpoint_private_access": true,
                "endpoint_public_access": true,
                "public_access_cidrs": [
                  "0.0.0.0/0"
                ],
                "security_group_ids": [
                  "sg-0c0d1a2b45b8efed0"
                ],
                "subnet_ids": [
                  "subnet-084b6ee2727b5fe60",
                  "subnet-0c617a6e17646692e",
                  "subnet-0eb42a8302f1400c9"
                ],
                "vpc_id": "vpc-0cca03bbf267428ef"
              }
            ],
            "zonal_shift_config": []
          },
          "sensitive_attributes": [],
          "identity_schema_version": 0,
          "private": "eyJlMmJmYjczMC1lY2FhLTExZTYtOGY4OC0zNDM2M2JjN2M0YzAiOnsiY3JlYXRlIjoxODAwMDAwMDAwMDAwLCJkZWxldGUiOjkwMDAwMDAwMDAwMCwidXBkYXRlIjozNjAwMDAwMDAwMDAwfSwic2NoZW1hX3ZlcnNpb24iOiIxIn0=",
          "dependencies": [
            "module.compute.aws_cloudwatch_log_group.cluster",
            "module.compute.data.aws_kms_key.eks_kms_key_arn",
            "module.iam.aws_iam_role.cluster_role",
            "module.networking.aws_eip.eks_network_nat_gateway",
            "module.networking.aws_internet_gateway.eks_network_gateway",
            "module.networking.aws_nat_gateway.eks_network_nat_gateway",
            "module.networking.aws_security_group.control_plane",
            "module.networking.aws_subnet.private",
            "module.networking.aws_subnet.public",
            "module.networking.aws_vpc.eks_network",
            "module.networking.data.aws_availability_zones.available"
          ],
          "create_before_destroy": true
        }
      ]
    },
    {
      "module": "module.compute",
      "mode": "managed",
      "type": "aws_eks_node_group",
      "name": "worker-node-group_4",
      "provider": "provider[\"registry.terraform.io/hashicorp/aws\"]",
      "instances": [
        {
          "schema_version": 0,
          "attributes": {
            "ami_type": "CUSTOM",
            "arn": "arn:aws:eks:us-east-1:250139002704:nodegroup/testing-env/testing-env-worker-node-02/2ecbee2b-7b39-ea75-ceaf-ce7009732c1c",
            "capacity_type": "ON_DEMAND",
            "cluster_name": "testing-env",
            "disk_size": 0,
            "force_update_version": null,
            "id": "testing-env:testing-env-worker-node-02",
            "instance_types": [],
            "labels": {},
            "launch_template": [
              {
                "id": "lt-0366fa260312f33de",
                "name": "aws-staging20250705204608437100000004",
                "version": "1"
              }
            ],
            "node_group_name": "testing-env-worker-node-02",
            "node_group_name_prefix": "",
            "node_repair_config": [],
            "node_role_arn": "arn:aws:iam::250139002704:role/testing-env-staging-worker-node-role",
            "region": "us-east-1",
            "release_version": "ami-000846a6ec7cc4dfe",
            "remote_access": [],
            "resources": [
              {
                "autoscaling_groups": [
                  {
                    "name": "eks-testing-env-worker-node-02-2ecbee2b-7b39-ea75-ceaf-ce7009732c1c"
                  }
                ],
                "remote_access_security_group_id": ""
              }
            ],
            "scaling_config": [
              {
                "desired_size": 1,
                "max_size": 3,
                "min_size": 1
              }
            ],
            "status": "ACTIVE",
            "subnet_ids": [
              "subnet-084b6ee2727b5fe60",
              "subnet-0c617a6e17646692e",
              "subnet-0eb42a8302f1400c9"
            ],
            "tags": {
              "Name": "testing-env",
              "k8s.io/cluster-autoscaler/aws_eks_cluster.cluster": "owned",
              "k8s.io/cluster-autoscaler/enabled": "true",
              "kubernetes.io/cluster/aws_eks_cluster.cluster": "owned"
            },
            "tags_all": {
              "Name": "testing-env",
              "k8s.io/cluster-autoscaler/aws_eks_cluster.cluster": "owned",
              "k8s.io/cluster-autoscaler/enabled": "true",
              "kubernetes.io/cluster/aws_eks_cluster.cluster": "owned"
            },
            "taint": [],
            "timeouts": null,
            "update_config": [
              {
                "max_unavailable": 1,
                "max_unavailable_percentage": 0
              }
            ],
            "version": "1.32"
          },
          "sensitive_attributes": [],
          "identity_schema_version": 0,
          "private": "eyJlMmJmYjczMC1lY2FhLTExZTYtOGY4OC0zNDM2M2JjN2M0YzAiOnsiY3JlYXRlIjozNjAwMDAwMDAwMDAwLCJkZWxldGUiOjM2MDAwMDAwMDAwMDAsInVwZGF0ZSI6MzYwMDAwMDAwMDAwMH19",
          "dependencies": [
            "module.compute.aws_cloudwatch_log_group.cluster",
            "module.compute.aws_eks_cluster.cluster",
            "module.compute.data.aws_kms_key.eks_kms_key_arn",
            "module.compute.local_file.aws_auth_configmap",
            "module.iam.aws_iam_role.cluster_role",
            "module.iam.aws_iam_role.managed_workers",
            "module.launchtemplate.aws_launch_template.eks_lt",
            "module.launchtemplate.data.aws_ami.eks_image",
            "module.networking.aws_eip.eks_network_nat_gateway",
            "module.networking.aws_internet_gateway.eks_network_gateway",
            "module.networking.aws_nat_gateway.eks_network_nat_gateway",
            "module.networking.aws_security_group.control_plane",
            "module.networking.aws_security_group.worker_node_sg",
            "module.networking.aws_subnet.private",
            "module.networking.aws_subnet.public",
            "module.networking.aws_vpc.eks_network",
            "module.networking.data.aws_availability_zones.available"
          ],
          "create_before_destroy": true
        }
      ]
    },
    {
      "module": "module.compute",
      "mode": "managed",
      "type": "aws_iam_openid_connect_provider",
      "name": "eks",
      "provider": "provider[\"registry.terraform.io/hashicorp/aws\"]",
      "instances": [
        {
          "schema_version": 0,
          "attributes": {
            "arn": "arn:aws:iam::250139002704:oidc-provider/oidc.eks.us-east-1.amazonaws.com/id/571E77E502048B60627E6C201C2FA412",
            "client_id_list": [
              "sts.amazonaws.com"
            ],
            "id": "arn:aws:iam::250139002704:oidc-provider/oidc.eks.us-east-1.amazonaws.com/id/571E77E502048B60627E6C201C2FA412",
            "tags": {},
            "tags_all": {},
            "thumbprint_list": [
              "9e99a48a9960b14926bb7f3b02e22da2b0ab7280"
            ],
            "url": "oidc.eks.us-east-1.amazonaws.com/id/571E77E502048B60627E6C201C2FA412"
          },
          "sensitive_attributes": [],
          "identity_schema_version": 0,
          "private": "bnVsbA==",
          "dependencies": [
            "module.compute.aws_cloudwatch_log_group.cluster",
            "module.compute.aws_eks_cluster.cluster",
            "module.compute.data.aws_kms_key.eks_kms_key_arn",
            "module.compute.data.tls_certificate.eks",
            "module.iam.aws_iam_role.cluster_role",
            "module.networking.aws_eip.eks_network_nat_gateway",
            "module.networking.aws_internet_gateway.eks_network_gateway",
            "module.networking.aws_nat_gateway.eks_network_nat_gateway",
            "module.networking.aws_security_group.control_plane",
            "module.networking.aws_subnet.private",
            "module.networking.aws_subnet.public",
            "module.networking.aws_vpc.eks_network",
            "module.networking.data.aws_availability_zones.available"
          ]
        }
      ]
    },
    {
      "module": "module.compute",
      "mode": "managed",
      "type": "local_file",
      "name": "aws_auth_configmap",
      "provider": "provider[\"registry.terraform.io/hashicorp/local\"]",
      "instances": [
        {
          "schema_version": 0,
          "attributes": {
            "content": "apiVersion: v1\nkind: ConfigMap\nmetadata:\n  name: aws-auth\n  namespace: kube-system\ndata:\n  mapRoles: |\n    - rolearn: arn:aws:iam::250139002704:role/testing-env-staging-worker-node-role\n      username: system:node:{{EC2PrivateDNSName}}\n      groups:\n        - system:bootstrappers\n        - system:nodes\n    - rolearn: arn:aws:iam::250139002704:role/devops_k8s_admins\n      username: admin\n      groups:\n        - system:masters   \n",
            "content_base64": null,
            "content_base64sha256": "EDTK3kkCfYxytYIAQE0LHGJGctwXwWcl7UoQ9goKbV4=",
            "content_base64sha512": "ox3aRD1kJVL4uHE1v4CBn9GF8JoM9uMtZhnEDdYHS5ebU0STBYdFoHaWzlSFpfchhBk3S9bT9wSS301sMqJH6Q==",
            "content_md5": "adff93d7d7efb3ca61e7eeaae67b331e",
            "content_sha1": "d4aec6c384b6eb405d29bfe002edf3da8cbd5208",
            "content_sha256": "1034cade49027d8c72b58200404d0b1c624672dc17c16725ed4a10f60a0a6d5e",
            "content_sha512": "a31dda443d642552f8b87135bf80819fd185f09a0cf6e32d6619c40dd6074b979b534493058745a07696ce5485a5f7218419374bd6d3f70492df4d6c32a247e9",
            "directory_permission": "0777",
            "file_permission": "0644",
            "filename": "modules/compute/config_map_aws_auth.yaml",
            "id": "d4aec6c384b6eb405d29bfe002edf3da8cbd5208",
            "sensitive_content": null,
            "source": null
          },
          "sensitive_attributes": [
            [
              {
                "type": "get_attr",
                "value": "sensitive_content"
              }
            ]
          ],
          "identity_schema_version": 0,
          "dependencies": [
            "module.iam.aws_iam_role.managed_workers",
            "module.networking.aws_eip.eks_network_nat_gateway",
            "module.networking.aws_internet_gateway.eks_network_gateway",
            "module.networking.aws_nat_gateway.eks_network_nat_gateway",
            "module.networking.aws_subnet.public",
            "module.networking.aws_vpc.eks_network",
            "module.networking.data.aws_availability_zones.available"
          ],
          "create_before_destroy": true
        }
      ]
    },
    {
      "module": "module.iam",
      "mode": "data",
      "type": "aws_partition",
      "name": "current",
      "provider": "provider[\"registry.terraform.io/hashicorp/aws\"]",
      "instances": [
        {
          "schema_version": 0,
          "attributes": {
            "dns_suffix": "amazonaws.com",
            "id": "aws",
            "partition": "aws",
            "reverse_dns_prefix": "com.amazonaws"
          },
          "sensitive_attributes": [],
          "identity_schema_version": 0
        }
      ]
    },
    {
      "module": "module.iam",
      "mode": "managed",
      "type": "aws_iam_instance_profile",
      "name": "eks_node",
      "provider": "provider[\"registry.terraform.io/hashicorp/aws\"]",
      "instances": [
        {
          "schema_version": 0,
          "attributes": {
            "arn": "arn:aws:iam::250139002704:instance-profile/testing-env-staging-worker-node-role",
            "create_date": "2025-07-05T20:33:41Z",
            "id": "testing-env-staging-worker-node-role",
            "name": "testing-env-staging-worker-node-role",
            "name_prefix": "",
            "path": "/",
            "role": "testing-env-staging-worker-node-role",
            "tags": {},
            "tags_all": {},
            "unique_id": "AIPATUPLSI5IDYK2EGMAE"
          },
          "sensitive_attributes": [],
          "identity_schema_version": 0,
          "private": "bnVsbA==",
          "dependencies": [
            "module.iam.aws_iam_role.managed_workers"
          ]
        }
      ]
    },
    {
      "module": "module.iam",
      "mode": "managed",
      "type": "aws_iam_role",
      "name": "cluster_role",
      "provider": "provider[\"registry.terraform.io/hashicorp/aws\"]",
      "instances": [
        {
          "schema_version": 0,
          "attributes": {
            "arn": "arn:aws:iam::250139002704:role/testing-env-staging-cluster-role",
            "assume_role_policy": "{\"Statement\":[{\"Action\":\"sts:AssumeRole\",\"Effect\":\"Allow\",\"Principal\":{\"Service\":\"eks.amazonaws.com\"}}],\"Version\":\"2012-10-17\"}",
            "create_date": "2025-07-05T20:33:39Z",
            "description": "",
            "force_detach_policies": false,
            "id": "testing-env-staging-cluster-role",
            "inline_policy": [
              {
                "name": "devops-kms-access",
                "policy": "{\"Version\":\"2012-10-17\",\"Statement\":[{\"Action\":[\"kms:DescribeCustomKeyStores\",\"kms:ListKeys\",\"kms:DeleteCustomKeyStore\",\"kms:GenerateRandom\",\"kms:UpdateCustomKeyStore\",\"kms:*\",\"kms:ListAliases\",\"kms:DisconnectCustomKeyStore\",\"kms:CreateKey\",\"kms:ConnectCustomKeyStore\",\"kms:CreateCustomKeyStore\"],\"Effect\":\"Allow\",\"Resource\":\"*\"},{\"Action\":[\"kms:Decrypt\",\"kms:*\"],\"Effect\":\"Allow\",\"Resource\":[\"arn:aws:kms:*:250139002704:key/*\",\"arn:aws:kms:*:250139002704:alias/*\"]},{\"Action\":\"kms:*\",\"Effect\":\"Allow\",\"Resource\":\"arn:aws:kms:us-east-1:250139002704:key/66e757c7-3074-41dc-92c3-63627c7351a9\"},{\"Action\":\"kms:*\",\"Effect\":\"Allow\",\"Resource\":[\"arn:aws:kms:*:250139002704:key/*\",\"arn:aws:kms:*:250139002704:alias/*\"]}]}"
              }
            ],
            "managed_policy_arns": [
              "arn:aws:iam::aws:policy/AmazonEKSClusterPolicy",
              "arn:aws:iam::aws:policy/AmazonEKSServicePolicy",
              "arn:aws:iam::aws:policy/AmazonEKSVPCResourceController"
            ],
            "max_session_duration": 3600,
            "name": "testing-env-staging-cluster-role",
            "name_prefix": "",
            "path": "/",
            "permissions_boundary": "",
            "tags": {
              "ENV": "staging",
              "Name": "testing-env"
            },
            "tags_all": {
              "ENV": "staging",
              "Name": "testing-env"
            },
            "unique_id": "AROATUPLSI5IKBEW6LUYU"
          },
          "sensitive_attributes": [],
          "identity_schema_version": 0,
          "identity": {
            "account_id": "250139002704",
            "name": "testing-env-staging-cluster-role"
          },
          "private": "bnVsbA==",
          "create_before_destroy": true
        }
      ]
    },
    {
      "module": "module.iam",
      "mode": "managed",
      "type": "aws_iam_role",
      "name": "managed_workers",
      "provider": "provider[\"registry.terraform.io/hashicorp/aws\"]",
      "instances": [
        {
          "schema_version": 0,
          "attributes": {
            "arn": "arn:aws:iam::250139002704:role/testing-env-staging-worker-node-role",
            "assume_role_policy": "{\"Statement\":[{\"Action\":\"sts:AssumeRole\",\"Effect\":\"Allow\",\"Principal\":{\"Service\":\"ec2.amazonaws.com\"}}],\"Version\":\"2012-10-17\"}",
            "create_date": "2025-07-05T20:33:39Z",
            "description": "",
            "force_detach_policies": false,
            "id": "testing-env-staging-worker-node-role",
            "inline_policy": [
              {
                "name": "Describe-ASG",
                "policy": "{\"Version\":\"2012-10-17\",\"Statement\":[{\"Action\":[\"autoscaling:Describe*\",\"autoscaling:GetPredictiveScalingForecast\"],\"Effect\":\"Allow\",\"Resource\":\"*\"}]}"
              },
              {
                "name": "Describe-EC2",
                "policy": "{\"Version\":\"2012-10-17\",\"Statement\":[{\"Action\":[\"ec2:Describe*\",\"ec2:GetVerifiedAccessGroupPolicy\",\"ec2:GetVerifiedAccessEndpointPolicy\",\"ec2:GetVpnTunnelReplacementStatus\",\"ec2:SearchLocalGatewayRoutes\",\"ec2:GetTransitGatewayPolicyTableEntries\",\"ec2:SearchTransitGatewayMulticastGroups\",\"ec2:GetIpamPoolAllocations\",\"ec2:GetInstanceMetadataDefaults\",\"ec2:SearchTransitGatewayRoutes\",\"ec2:GetTransitGatewayAttachmentPropagations\",\"ec2:GetGroupsForCapacityReservation\",\"ec2:GetInstanceTypesFromInstanceRequirements\",\"ec2:GetTransitGatewayRouteTablePropagations\",\"ec2:ListSnapshotsInRecycleBin\",\"ec2:ListImagesInRecycleBin\",\"ec2:DescribeCarrierGateways\",\"ec2:GetTransitGatewayRouteTableAssociations\",\"ec2:GetVpnConnectionDeviceSampleConfiguration\",\"ec2:GetVpnConnectionDeviceTypes\",\"ec2:GetTransitGatewayPrefixListReferences\",\"ec2:GetVerifiedAccessInstanceWebAcl\",\"ec2:GetTransitGatewayPolicyTableAssociations\",\"ec2:GetTransitGatewayMulticastDomainAssociations\",\"ec2:DescribeLockedSnapshots\"],\"Effect\":\"Allow\",\"Resource\":\"*\"}]}"
              },
              {
                "name": "set_name_tag",
                "policy": "{\"Version\":\"2012-10-17\",\"Statement\":[{\"Action\":[\"ec2:CreateTags\"],\"Effect\":\"Allow\",\"Resource\":\"*\"}]}"
              }
            ],
            "managed_policy_arns": [
              "arn:aws:iam::aws:policy/AmazonEC2ContainerRegistryReadOnly",
              "arn:aws:iam::aws:policy/AmazonEC2FullAccess",
              "arn:aws:iam::aws:policy/AmazonEKSWorkerNodePolicy",
              "arn:aws:iam::aws:policy/AmazonEKS_CNI_Policy",
              "arn:aws:iam::aws:policy/AmazonRoute53FullAccess",
              "arn:aws:iam::aws:policy/AmazonS3FullAccess",
              "arn:aws:iam::aws:policy/AmazonSSMManagedInstanceCore",
              "arn:aws:iam::aws:policy/AutoScalingFullAccess",
              "arn:aws:iam::aws:policy/SecretsManagerReadWrite",
              "arn:aws:iam::aws:policy/service-role/AmazonEBSCSIDriverPolicy"
            ],
            "max_session_duration": 3600,
            "name": "testing-env-staging-worker-node-role",
            "name_prefix": "",
            "path": "/",
            "permissions_boundary": "",
            "tags": {},
            "tags_all": {},
            "unique_id": "AROATUPLSI5IEUZP6UEY4"
          },
          "sensitive_attributes": [],
          "identity_schema_version": 0,
          "identity": {
            "account_id": "250139002704",
            "name": "testing-env-staging-worker-node-role"
          },
          "private": "bnVsbA==",
          "create_before_destroy": true
        }
      ]
    },
    {
      "module": "module.iam",
      "mode": "managed",
      "type": "aws_iam_role_policy",
      "name": "describe_asg_policy",
      "provider": "provider[\"registry.terraform.io/hashicorp/aws\"]",
      "instances": [
        {
          "schema_version": 0,
          "attributes": {
            "id": "testing-env-staging-worker-node-role:Describe-ASG",
            "name": "Describe-ASG",
            "name_prefix": "",
            "policy": "{\"Version\":\"2012-10-17\",\"Statement\":[{\"Action\":[\"autoscaling:Describe*\",\"autoscaling:GetPredictiveScalingForecast\"],\"Effect\":\"Allow\",\"Resource\":\"*\"}]}",
            "role": "testing-env-staging-worker-node-role"
          },
          "sensitive_attributes": [],
          "identity_schema_version": 0,
          "identity": {
            "account_id": "250139002704",
            "name": "Describe-ASG",
            "role": "testing-env-staging-worker-node-role"
          },
          "private": "bnVsbA==",
          "dependencies": [
            "module.iam.aws_iam_role.managed_workers"
          ]
        }
      ]
    },
    {
      "module": "module.iam",
      "mode": "managed",
      "type": "aws_iam_role_policy",
      "name": "describe_ec2_policy",
      "provider": "provider[\"registry.terraform.io/hashicorp/aws\"]",
      "instances": [
        {
          "schema_version": 0,
          "attributes": {
            "id": "testing-env-staging-worker-node-role:Describe-EC2",
            "name": "Describe-EC2",
            "name_prefix": "",
            "policy": "{\"Version\":\"2012-10-17\",\"Statement\":[{\"Action\":[\"ec2:Describe*\",\"ec2:GetVerifiedAccessGroupPolicy\",\"ec2:GetVerifiedAccessEndpointPolicy\",\"ec2:GetVpnTunnelReplacementStatus\",\"ec2:SearchLocalGatewayRoutes\",\"ec2:GetTransitGatewayPolicyTableEntries\",\"ec2:SearchTransitGatewayMulticastGroups\",\"ec2:GetIpamPoolAllocations\",\"ec2:GetInstanceMetadataDefaults\",\"ec2:SearchTransitGatewayRoutes\",\"ec2:GetTransitGatewayAttachmentPropagations\",\"ec2:GetGroupsForCapacityReservation\",\"ec2:GetInstanceTypesFromInstanceRequirements\",\"ec2:GetTransitGatewayRouteTablePropagations\",\"ec2:ListSnapshotsInRecycleBin\",\"ec2:ListImagesInRecycleBin\",\"ec2:DescribeCarrierGateways\",\"ec2:GetTransitGatewayRouteTableAssociations\",\"ec2:GetVpnConnectionDeviceSampleConfiguration\",\"ec2:GetVpnConnectionDeviceTypes\",\"ec2:GetTransitGatewayPrefixListReferences\",\"ec2:GetVerifiedAccessInstanceWebAcl\",\"ec2:GetTransitGatewayPolicyTableAssociations\",\"ec2:GetTransitGatewayMulticastDomainAssociations\",\"ec2:DescribeLockedSnapshots\"],\"Effect\":\"Allow\",\"Resource\":\"*\"}]}",
            "role": "testing-env-staging-worker-node-role"
          },
          "sensitive_attributes": [],
          "identity_schema_version": 0,
          "identity": {
            "account_id": "250139002704",
            "name": "Describe-EC2",
            "role": "testing-env-staging-worker-node-role"
          },
          "private": "bnVsbA==",
          "dependencies": [
            "module.iam.aws_iam_role.managed_workers"
          ]
        }
      ]
    },
    {
      "module": "module.iam",
      "mode": "managed",
      "type": "aws_iam_role_policy",
      "name": "devops_kms_access",
      "provider": "provider[\"registry.terraform.io/hashicorp/aws\"]",
      "instances": [
        {
          "schema_version": 0,
          "attributes": {
            "id": "testing-env-staging-cluster-role:devops-kms-access",
            "name": "devops-kms-access",
            "name_prefix": "",
            "policy": "{\"Version\":\"2012-10-17\",\"Statement\":[{\"Action\":[\"kms:DescribeCustomKeyStores\",\"kms:ListKeys\",\"kms:DeleteCustomKeyStore\",\"kms:GenerateRandom\",\"kms:UpdateCustomKeyStore\",\"kms:*\",\"kms:ListAliases\",\"kms:DisconnectCustomKeyStore\",\"kms:CreateKey\",\"kms:ConnectCustomKeyStore\",\"kms:CreateCustomKeyStore\"],\"Effect\":\"Allow\",\"Resource\":\"*\"},{\"Action\":[\"kms:Decrypt\",\"kms:*\"],\"Effect\":\"Allow\",\"Resource\":[\"arn:aws:kms:*:250139002704:key/*\",\"arn:aws:kms:*:250139002704:alias/*\"]},{\"Action\":\"kms:*\",\"Effect\":\"Allow\",\"Resource\":\"arn:aws:kms:us-east-1:250139002704:key/66e757c7-3074-41dc-92c3-63627c7351a9\"},{\"Action\":\"kms:*\",\"Effect\":\"Allow\",\"Resource\":[\"arn:aws:kms:*:250139002704:key/*\",\"arn:aws:kms:*:250139002704:alias/*\"]}]}",
            "role": "testing-env-staging-cluster-role"
          },
          "sensitive_attributes": [],
          "identity_schema_version": 0,
          "identity": {
            "account_id": "250139002704",
            "name": "devops-kms-access",
            "role": "testing-env-staging-cluster-role"
          },
          "private": "bnVsbA==",
          "dependencies": [
            "module.iam.aws_iam_role.cluster_role"
          ]
        }
      ]
    },
    {
      "module": "module.iam",
      "mode": "managed",
      "type": "aws_iam_role_policy",
      "name": "set_name_tag",
      "provider": "provider[\"registry.terraform.io/hashicorp/aws\"]",
      "instances": [
        {
          "schema_version": 0,
          "attributes": {
            "id": "testing-env-staging-worker-node-role:set_name_tag",
            "name": "set_name_tag",
            "name_prefix": "",
            "policy": "{\"Version\":\"2012-10-17\",\"Statement\":[{\"Action\":[\"ec2:CreateTags\"],\"Effect\":\"Allow\",\"Resource\":\"*\"}]}",
            "role": "testing-env-staging-worker-node-role"
          },
          "sensitive_attributes": [],
          "identity_schema_version": 0,
          "identity": {
            "account_id": "250139002704",
            "name": "set_name_tag",
            "role": "testing-env-staging-worker-node-role"
          },
          "private": "bnVsbA==",
          "dependencies": [
            "module.iam.aws_iam_role.managed_workers"
          ]
        }
      ]
    },
    {
      "module": "module.iam",
      "mode": "managed",
      "type": "aws_iam_role_policy_attachment",
      "name": "AmazonEBSCSIDriverPolicy",
      "provider": "provider[\"registry.terraform.io/hashicorp/aws\"]",
      "instances": [
        {
          "schema_version": 0,
          "attributes": {
            "id": "testing-env-staging-worker-node-role/arn:aws:iam::aws:policy/service-role/AmazonEBSCSIDriverPolicy",
            "policy_arn": "arn:aws:iam::aws:policy/service-role/AmazonEBSCSIDriverPolicy",
            "role": "testing-env-staging-worker-node-role"
          },
          "sensitive_attributes": [],
          "identity_schema_version": 0,
          "identity": {
            "account_id": "250139002704",
            "policy_arn": "arn:aws:iam::aws:policy/service-role/AmazonEBSCSIDriverPolicy",
            "role": "testing-env-staging-worker-node-role"
          },
          "private": "bnVsbA==",
          "dependencies": [
            "module.iam.aws_iam_role.managed_workers"
          ]
        }
      ]
    },
    {
      "module": "module.iam",
      "mode": "managed",
      "type": "aws_iam_role_policy_attachment",
      "name": "AmazonRoute53DNSPolicy",
      "provider": "provider[\"registry.terraform.io/hashicorp/aws\"]",
      "instances": [
        {
          "schema_version": 0,
          "attributes": {
            "id": "testing-env-staging-worker-node-role/arn:aws:iam::aws:policy/AmazonRoute53FullAccess",
            "policy_arn": "arn:aws:iam::aws:policy/AmazonRoute53FullAccess",
            "role": "testing-env-staging-worker-node-role"
          },
          "sensitive_attributes": [],
          "identity_schema_version": 0,
          "identity": {
            "account_id": "250139002704",
            "policy_arn": "arn:aws:iam::aws:policy/AmazonRoute53FullAccess",
            "role": "testing-env-staging-worker-node-role"
          },
          "private": "bnVsbA==",
          "dependencies": [
            "module.iam.aws_iam_role.managed_workers"
          ]
        }
      ]
    },
    {
      "module": "module.iam",
      "mode": "managed",
      "type": "aws_iam_role_policy_attachment",
      "name": "AutoScalingFullAccess",
      "provider": "provider[\"registry.terraform.io/hashicorp/aws\"]",
      "instances": [
        {
          "schema_version": 0,
          "attributes": {
            "id": "testing-env-staging-worker-node-role/arn:aws:iam::aws:policy/AutoScalingFullAccess",
            "policy_arn": "arn:aws:iam::aws:policy/AutoScalingFullAccess",
            "role": "testing-env-staging-worker-node-role"
          },
          "sensitive_attributes": [],
          "identity_schema_version": 0,
          "identity": {
            "account_id": "250139002704",
            "policy_arn": "arn:aws:iam::aws:policy/AutoScalingFullAccess",
            "role": "testing-env-staging-worker-node-role"
          },
          "private": "bnVsbA==",
          "dependencies": [
            "module.iam.aws_iam_role.managed_workers"
          ]
        }
      ]
    },
    {
      "module": "module.iam",
      "mode": "managed",
      "type": "aws_iam_role_policy_attachment",
      "name": "SecretsManagerReadWrite",
      "provider": "provider[\"registry.terraform.io/hashicorp/aws\"]",
      "instances": [
        {
          "schema_version": 0,
          "attributes": {
            "id": "testing-env-staging-worker-node-role/arn:aws:iam::aws:policy/SecretsManagerReadWrite",
            "policy_arn": "arn:aws:iam::aws:policy/SecretsManagerReadWrite",
            "role": "testing-env-staging-worker-node-role"
          },
          "sensitive_attributes": [],
          "identity_schema_version": 0,
          "identity": {
            "account_id": "250139002704",
            "policy_arn": "arn:aws:iam::aws:policy/SecretsManagerReadWrite",
            "role": "testing-env-staging-worker-node-role"
          },
          "private": "bnVsbA==",
          "dependencies": [
            "module.iam.aws_iam_role.managed_workers"
          ]
        }
      ]
    },
    {
      "module": "module.iam",
      "mode": "managed",
      "type": "aws_iam_role_policy_attachment",
      "name": "cluster_AmazonEKSClusterPolicy",
      "provider": "provider[\"registry.terraform.io/hashicorp/aws\"]",
      "instances": [
        {
          "schema_version": 0,
          "attributes": {
            "id": "testing-env-staging-cluster-role/arn:aws:iam::aws:policy/AmazonEKSClusterPolicy",
            "policy_arn": "arn:aws:iam::aws:policy/AmazonEKSClusterPolicy",
            "role": "testing-env-staging-cluster-role"
          },
          "sensitive_attributes": [],
          "identity_schema_version": 0,
          "identity": {
            "account_id": "250139002704",
            "policy_arn": "arn:aws:iam::aws:policy/AmazonEKSClusterPolicy",
            "role": "testing-env-staging-cluster-role"
          },
          "private": "bnVsbA==",
          "dependencies": [
            "module.iam.aws_iam_role.cluster_role"
          ]
        }
      ]
    },
    {
      "module": "module.iam",
      "mode": "managed",
      "type": "aws_iam_role_policy_attachment",
      "name": "cluster_AmazonEKSServicePolicy",
      "provider": "provider[\"registry.terraform.io/hashicorp/aws\"]",
      "instances": [
        {
          "schema_version": 0,
          "attributes": {
            "id": "testing-env-staging-cluster-role/arn:aws:iam::aws:policy/AmazonEKSServicePolicy",
            "policy_arn": "arn:aws:iam::aws:policy/AmazonEKSServicePolicy",
            "role": "testing-env-staging-cluster-role"
          },
          "sensitive_attributes": [],
          "identity_schema_version": 0,
          "identity": {
            "account_id": "250139002704",
            "policy_arn": "arn:aws:iam::aws:policy/AmazonEKSServicePolicy",
            "role": "testing-env-staging-cluster-role"
          },
          "private": "bnVsbA==",
          "dependencies": [
            "module.iam.aws_iam_role.cluster_role"
          ]
        }
      ]
    },
    {
      "module": "module.iam",
      "mode": "managed",
      "type": "aws_iam_role_policy_attachment",
      "name": "cluster_AmazonEKSVPCResourceController",
      "provider": "provider[\"registry.terraform.io/hashicorp/aws\"]",
      "instances": [
        {
          "schema_version": 0,
          "attributes": {
            "id": "testing-env-staging-cluster-role/arn:aws:iam::aws:policy/AmazonEKSVPCResourceController",
            "policy_arn": "arn:aws:iam::aws:policy/AmazonEKSVPCResourceController",
            "role": "testing-env-staging-cluster-role"
          },
          "sensitive_attributes": [],
          "identity_schema_version": 0,
          "identity": {
            "account_id": "250139002704",
            "policy_arn": "arn:aws:iam::aws:policy/AmazonEKSVPCResourceController",
            "role": "testing-env-staging-cluster-role"
          },
          "private": "bnVsbA==",
          "dependencies": [
            "module.iam.aws_iam_role.cluster_role"
          ]
        }
      ]
    },
    {
      "module": "module.iam",
      "mode": "managed",
      "type": "aws_iam_role_policy_attachment",
      "name": "cluster_s3access",
      "provider": "provider[\"registry.terraform.io/hashicorp/aws\"]",
      "instances": [
        {
          "schema_version": 0,
          "attributes": {
            "id": "testing-env-staging-worker-node-role/arn:aws:iam::aws:policy/AmazonS3FullAccess",
            "policy_arn": "arn:aws:iam::aws:policy/AmazonS3FullAccess",
            "role": "testing-env-staging-worker-node-role"
          },
          "sensitive_attributes": [],
          "identity_schema_version": 0,
          "identity": {
            "account_id": "250139002704",
            "policy_arn": "arn:aws:iam::aws:policy/AmazonS3FullAccess",
            "role": "testing-env-staging-worker-node-role"
          },
          "private": "bnVsbA==",
          "dependencies": [
            "module.iam.aws_iam_role.managed_workers"
          ]
        }
      ]
    },
    {
      "module": "module.iam",
      "mode": "managed",
      "type": "aws_iam_role_policy_attachment",
      "name": "ec2_access",
      "provider": "provider[\"registry.terraform.io/hashicorp/aws\"]",
      "instances": [
        {
          "schema_version": 0,
          "attributes": {
            "id": "testing-env-staging-worker-node-role/arn:aws:iam::aws:policy/AmazonEC2FullAccess",
            "policy_arn": "arn:aws:iam::aws:policy/AmazonEC2FullAccess",
            "role": "testing-env-staging-worker-node-role"
          },
          "sensitive_attributes": [],
          "identity_schema_version": 0,
          "identity": {
            "account_id": "250139002704",
            "policy_arn": "arn:aws:iam::aws:policy/AmazonEC2FullAccess",
            "role": "testing-env-staging-worker-node-role"
          },
          "private": "bnVsbA==",
          "dependencies": [
            "module.iam.aws_iam_role.managed_workers"
          ]
        }
      ]
    },
    {
      "module": "module.iam",
      "mode": "managed",
      "type": "aws_iam_role_policy_attachment",
      "name": "eks-AmazonEC2ContainerRegistryReadOnly",
      "provider": "provider[\"registry.terraform.io/hashicorp/aws\"]",
      "instances": [
        {
          "schema_version": 0,
          "attributes": {
            "id": "testing-env-staging-worker-node-role/arn:aws:iam::aws:policy/AmazonEC2ContainerRegistryReadOnly",
            "policy_arn": "arn:aws:iam::aws:policy/AmazonEC2ContainerRegistryReadOnly",
            "role": "testing-env-staging-worker-node-role"
          },
          "sensitive_attributes": [],
          "identity_schema_version": 0,
          "identity": {
            "account_id": "250139002704",
            "policy_arn": "arn:aws:iam::aws:policy/AmazonEC2ContainerRegistryReadOnly",
            "role": "testing-env-staging-worker-node-role"
          },
          "private": "bnVsbA==",
          "dependencies": [
            "module.iam.aws_iam_role.managed_workers"
          ]
        }
      ]
    },
    {
      "module": "module.iam",
      "mode": "managed",
      "type": "aws_iam_role_policy_attachment",
      "name": "eks-AmazonEKSWorkerNodePolicy",
      "provider": "provider[\"registry.terraform.io/hashicorp/aws\"]",
      "instances": [
        {
          "schema_version": 0,
          "attributes": {
            "id": "testing-env-staging-worker-node-role/arn:aws:iam::aws:policy/AmazonEKSWorkerNodePolicy",
            "policy_arn": "arn:aws:iam::aws:policy/AmazonEKSWorkerNodePolicy",
            "role": "testing-env-staging-worker-node-role"
          },
          "sensitive_attributes": [],
          "identity_schema_version": 0,
          "identity": {
            "account_id": "250139002704",
            "policy_arn": "arn:aws:iam::aws:policy/AmazonEKSWorkerNodePolicy",
            "role": "testing-env-staging-worker-node-role"
          },
          "private": "bnVsbA==",
          "dependencies": [
            "module.iam.aws_iam_role.managed_workers"
          ]
        }
      ]
    },
    {
      "module": "module.iam",
      "mode": "managed",
      "type": "aws_iam_role_policy_attachment",
      "name": "eks-AmazonEKS_CNI_Policy",
      "provider": "provider[\"registry.terraform.io/hashicorp/aws\"]",
      "instances": [
        {
          "schema_version": 0,
          "attributes": {
            "id": "testing-env-staging-worker-node-role/arn:aws:iam::aws:policy/AmazonEKS_CNI_Policy",
            "policy_arn": "arn:aws:iam::aws:policy/AmazonEKS_CNI_Policy",
            "role": "testing-env-staging-worker-node-role"
          },
          "sensitive_attributes": [],
          "identity_schema_version": 0,
          "identity": {
            "account_id": "250139002704",
            "policy_arn": "arn:aws:iam::aws:policy/AmazonEKS_CNI_Policy",
            "role": "testing-env-staging-worker-node-role"
          },
          "private": "bnVsbA==",
          "dependencies": [
            "module.iam.aws_iam_role.managed_workers"
          ]
        }
      ]
    },
    {
      "module": "module.iam",
      "mode": "managed",
      "type": "aws_iam_role_policy_attachment",
      "name": "ssm_managed_instance_core",
      "provider": "provider[\"registry.terraform.io/hashicorp/aws\"]",
      "instances": [
        {
          "schema_version": 0,
          "attributes": {
            "id": "testing-env-staging-worker-node-role/arn:aws:iam::aws:policy/AmazonSSMManagedInstanceCore",
            "policy_arn": "arn:aws:iam::aws:policy/AmazonSSMManagedInstanceCore",
            "role": "testing-env-staging-worker-node-role"
          },
          "sensitive_attributes": [],
          "identity_schema_version": 0,
          "identity": {
            "account_id": "250139002704",
            "policy_arn": "arn:aws:iam::aws:policy/AmazonSSMManagedInstanceCore",
            "role": "testing-env-staging-worker-node-role"
          },
          "private": "bnVsbA==",
          "dependencies": [
            "module.iam.aws_iam_role.managed_workers"
          ]
        }
      ]
    },
    {
      "module": "module.launchtemplate",
      "mode": "data",
      "type": "aws_ami",
      "name": "eks_image",
      "provider": "provider[\"registry.terraform.io/hashicorp/aws\"]",
      "instances": [
        {
          "schema_version": 0,
          "attributes": {
            "allow_unsafe_filter": null,
            "architecture": "x86_64",
            "arn": "arn:aws:ec2:us-east-1::image/ami-000846a6ec7cc4dfe",
            "block_device_mappings": [
              {
                "device_name": "/dev/sda1",
                "ebs": {
                  "delete_on_termination": "true",
                  "encrypted": "false",
                  "iops": "0",
                  "snapshot_id": "snap-00d24ec4bd82ae4bd",
                  "throughput": "0",
                  "volume_initialization_rate": "0",
                  "volume_size": "20",
                  "volume_type": "gp3"
                },
                "no_device": "",
                "virtual_name": ""
              },
              {
                "device_name": "/dev/sdb",
                "ebs": {},
                "no_device": "",
                "virtual_name": "ephemeral0"
              },
              {
                "device_name": "/dev/sdc",
                "ebs": {},
                "no_device": "",
                "virtual_name": "ephemeral1"
              }
            ],
            "boot_mode": "uefi-preferred",
            "creation_date": "2025-06-10T13:27:06.000Z",
            "deprecation_time": "2027-06-10T13:27:06.000Z",
            "description": "Canonical, Ubuntu Pro EKS Node OS (1.32), 24.04 LTS, amd64 noble image",
            "ena_support": true,
            "executable_users": null,
            "filter": [
              {
                "name": "image-id",
                "values": [
                  "ami-000846a6ec7cc4dfe"
                ]
              }
            ],
            "hypervisor": "xen",
            "id": "ami-000846a6ec7cc4dfe",
            "image_id": "ami-000846a6ec7cc4dfe",
            "image_location": "amazon/ubuntu-eks-pro/k8s_1.32/images/hvm-ssd-gp3/ubuntu-noble-24.04-amd64-server-20250610",
            "image_owner_alias": "amazon",
            "image_type": "machine",
            "imds_support": "v2.0",
            "include_deprecated": false,
            "kernel_id": "",
            "last_launched_time": "",
            "most_recent": false,
            "name": "ubuntu-eks-pro/k8s_1.32/images/hvm-ssd-gp3/ubuntu-noble-24.04-amd64-server-20250610",
            "name_regex": null,
            "owner_id": "099720109477",
            "owners": null,
            "platform": "",
            "platform_details": "Ubuntu Pro Linux",
            "product_codes": [],
            "public": true,
            "ramdisk_id": "",
            "region": "us-east-1",
            "root_device_name": "/dev/sda1",
            "root_device_type": "ebs",
            "root_snapshot_id": "snap-00d24ec4bd82ae4bd",
            "sriov_net_support": "simple",
            "state": "available",
            "state_reason": {
              "code": "UNSET",
              "message": "UNSET"
            },
            "tags": {},
            "timeouts": null,
            "tpm_support": "",
            "uefi_data": null,
            "usage_operation": "RunInstances:0g00",
            "virtualization_type": "hvm"
          },
          "sensitive_attributes": [],
          "identity_schema_version": 0
        }
      ]
    },
    {
      "module": "module.launchtemplate",
      "mode": "managed",
      "type": "aws_launch_template",
      "name": "eks_lt",
      "provider": "provider[\"registry.terraform.io/hashicorp/aws\"]",
      "instances": [
        {
          "schema_version": 0,
          "attributes": {
            "arn": "arn:aws:ec2:us-east-1:250139002704:launch-template/lt-0366fa260312f33de",
            "block_device_mappings": [
              {
                "device_name": "/dev/sda1",
                "ebs": [
                  {
                    "delete_on_termination": "true",
                    "encrypted": "",
                    "iops": 0,
                    "kms_key_id": "",
                    "snapshot_id": "",
                    "throughput": 0,
                    "volume_initialization_rate": 0,
                    "volume_size": 100,
                    "volume_type": "gp3"
                  }
                ],
                "no_device": "",
                "virtual_name": ""
              }
            ],
            "capacity_reservation_specification": [],
            "cpu_options": [],
            "credit_specification": [],
            "default_version": 1,
            "description": "",
            "disable_api_stop": false,
            "disable_api_termination": false,
            "ebs_optimized": "",
            "enclave_options": [],
            "hibernation_options": [],
            "iam_instance_profile": [],
            "id": "lt-0366fa260312f33de",
            "image_id": "ami-000846a6ec7cc4dfe",
            "instance_initiated_shutdown_behavior": "",
            "instance_market_options": [],
            "instance_requirements": [],
            "instance_type": "t3.large",
            "kernel_id": "",
            "key_name": "",
            "latest_version": 1,
            "license_specification": [],
            "maintenance_options": [],
            "metadata_options": [],
            "monitoring": [
              {
                "enabled": true
              }
            ],
            "name": "aws-staging20250705204608437100000004",
            "name_prefix": "aws-staging",
            "network_interfaces": [
              {
                "associate_carrier_ip_address": "",
                "associate_public_ip_address": "false",
                "connection_tracking_specification": [],
                "delete_on_termination": "true",
                "description": "",
                "device_index": 0,
                "ena_srd_specification": [],
                "interface_type": "",
                "ipv4_address_count": 0,
                "ipv4_addresses": [],
                "ipv4_prefix_count": 0,
                "ipv4_prefixes": [],
                "ipv6_address_count": 0,
                "ipv6_addresses": [],
                "ipv6_prefix_count": 0,
                "ipv6_prefixes": [],
                "network_card_index": 0,
                "network_interface_id": "",
                "primary_ipv6": "",
                "private_ip_address": "",
                "security_groups": [
                  "sg-05486e9f9dde092e3"
                ],
                "subnet_id": ""
              }
            ],
            "placement": [],
            "private_dns_name_options": [],
            "ram_disk_id": "",
            "region": "us-east-1",
            "security_group_names": [],
            "tag_specifications": [
              {
                "resource_type": "instance",
                "tags": {
                  "Cluster": "testing-env",
                  "CreatedBY": "TerraformDevops",
                  "Environment": "Development",
                  "Name": "testing-env-staging",
                  "Owner": "DevOps Team",
                  "Project": "Integrate-Infrastructure",
                  "k8s.io/cluster-autoscaler/enabled": "true",
                  "k8s.io/cluster-autoscaler/testing-env": "owned",
                  "kubernetes.io/cluster/testing-env": "owned"
                }
              },
              {
                "resource_type": "volume",
                "tags": {
                  "Cluster": "testing-env",
                  "CreatedBY": "TerraformDevops",
                  "Environment": "Development",
                  "Name": "testing-env-staging",
                  "Owner": "DevOps Team",
                  "Project": "Integrate-Infrastructure",
                  "k8s.io/cluster-autoscaler/enabled": "true",
                  "k8s.io/cluster-autoscaler/testing-env": "owned",
                  "kubernetes.io/cluster/testing-env": "owned"
                }
              }
            ],
            "tags": {
              "Cluster": "testing-env",
              "CreatedBY": "TerraformDevops",
              "Environment": "Development",
              "Name": "testing-env-staging",
              "Owner": "DevOps Team",
              "Project": "Integrate-Infrastructure",
              "k8s.io/cluster-autoscaler/enabled": "true",
              "k8s.io/cluster-autoscaler/testing-env": "owned",
              "kubernetes.io/cluster/testing-env": "owned"
            },
            "tags_all": {
              "Cluster": "testing-env",
              "CreatedBY": "TerraformDevops",
              "Environment": "Development",
              "Name": "testing-env-staging",
              "Owner": "DevOps Team",
              "Project": "Integrate-Infrastructure",
              "k8s.io/cluster-autoscaler/enabled": "true",
              "k8s.io/cluster-autoscaler/testing-env": "owned",
              "kubernetes.io/cluster/testing-env": "owned"
            },
            "update_default_version": true,
            "user_data": "IyEvYmluL2Jhc2gKCk1JTUUtVmVyc2lvbjogMS4wCkNvbnRlbnQtVHlwZTogbXVsdGlwYXJ0L21peGVkOyBib3VuZGFyeT0iLy8iCgotLS8vCkNvbnRlbnQtVHlwZTogdGV4dC94LXNoZWxsc2NyaXB0OyBjaGFyc2V0PSJ1cy1hc2NpaSIKIyEvYmluL2Jhc2gKCnNldCAtbyB4dHJhY2UKIyBFS1MgY3VycmVudGx5IGRvY3VtZW50cyB0aGlzIHJlcXVpcmVkIHVzZXJkYXRhIGZvciBFS1Mgd29ya2VyIG5vZGVzIHRvCiMgcHJvcGVybHkgY29uZmlndXJlIEt1YmVybmV0ZXMgYXBwbGljYXRpb25zIG9uIHRoZSBFQzIgaW5zdGFuY2UuCiMgV2UgdXRpbGl6ZSBhIFRlcnJhZm9ybSBsb2NhbCBoZXJlIHRvIHNpbXBsaWZ5IEJhc2U2NCBlbmNvZGluZyB0aGlzCiMgaW5mb3JtYXRpb24gaW50byB0aGUgQXV0b1NjYWxpbmcgTGF1bmNoIENvbmZpZ3VyYXRpb24uCiMgTW9yZSBpbmZvcm1hdGlvbjogaHR0cHM6Ly9hbWF6b24tZWtzLnMzLXVzLXdlc3QtMi5hbWF6b25hd3MuY29tLzEuMTAuMy8yMDE4LTA2LTA1L2FtYXpvbi1la3Mtbm9kZWdyb3VwLnlhbWwKCi9ldGMvZWtzL2Jvb3RzdHJhcC5zaCAtLWFwaXNlcnZlci1lbmRwb2ludCAnaHR0cHM6Ly81NzFFNzdFNTAyMDQ4QjYwNjI3RTZDMjAxQzJGQTQxMi5ncjcudXMtZWFzdC0xLmVrcy5hbWF6b25hd3MuY29tJyAtLWI2NC1jbHVzdGVyLWNhICdMUzB0TFMxQ1JVZEpUaUJEUlZKVVNVWkpRMEZVUlMwdExTMHRDazFKU1VSQ1ZFTkRRV1V5WjBGM1NVSkJaMGxKVlRKdFVqQkNNMUZ6VEVWM1JGRlpTa3R2V2tsb2RtTk9RVkZGVEVKUlFYZEdWRVZVVFVKRlIwRXhWVVVLUVhoTlMyRXpWbWxhV0VwMVdsaFNiR042UVdWR2R6QjVUbFJCTTAxRVZYbE5SRTB4VGxSU1lVWjNNSHBPVkVFelRVUk5lVTFFVVhkT1ZGSmhUVUpWZUFwRmVrRlNRbWRPVmtKQlRWUkRiWFF4V1cxV2VXSnRWakJhV0UxM1oyZEZhVTFCTUVkRFUzRkhVMGxpTTBSUlJVSkJVVlZCUVRSSlFrUjNRWGRuWjBWTENrRnZTVUpCVVVSUWVVTklVekYyVlZFdlNGSkZkbXN6V2psaFpWaDBiSFJtV0RSUVJrSXpjalJ1ZFhKWWFXRTFXVzFhSzNadmRDOXdjMnRIWmpsdVNtMEtRMFoxZERCbFQzcENaMG9yZFZSREwwbGpTMHRvUzJ4eWRVOHdlVVJNV0V4UWRtMU5VWEZ6U1d0NlFYQnhMMjQwTlhSRGNWZFpRME0yVFRjeFptUjZTUXBpTlhWWlkyaGxNVEF2ZWpJMWNXZFNiVkZQT0ZrMk5ubHJiWEpUZUdseVRYcElRa1ExVURKRU5WaEJWM0J5U3lzdk9HTmlRaXRTU25kM2NqTnNVelpGQ2t4UllWVmtObUpwWms5clZsbHFWMHN5TTFGT2EwWldkekV6VWtFNE9IYzVaM2d2Wms1d1ZtSjVVV1ZhZFZsbVVVSnlSa0phSzBFeFdtTkhaMk12UmtnS1ZVdHZTWEpCYms5cWFEVlVSMUphTUdadWJubHpWV0pSYUdKRmJrbDJibTV6TjFac1VsVXpNWGxHU21RNVNVOVFUV0ZtU2s1NVNERmtjWHBDZHpoTWJRcFpRelV2VFRKSlZFWkpWamw0VURaWWVIUm1Oa2RCY2xnNVZXdHVRV2ROUWtGQlIycFhWRUpZVFVFMFIwRXhWV1JFZDBWQ0wzZFJSVUYzU1VOd1JFRlFDa0puVGxaSVVrMUNRV1k0UlVKVVFVUkJVVWd2VFVJd1IwRXhWV1JFWjFGWFFrSlJiMGhMWXpSa2JETmhlbEI2YmpWaFYzVktZV2hSZG1aWFRHMXFRVllLUW1kT1ZraFNSVVZFYWtGTloyZHdjbVJYU214amJUVnNaRWRXZWsxQk1FZERVM0ZIVTBsaU0wUlJSVUpEZDFWQlFUUkpRa0ZSUWpoeVZEZExMMUpFYWdwTFQySTViVUUwYURkRllXWTJOR2RqT0daTGJuVnpRMngyWTJObmNYUldjSEJFZVhsRGVTdHdjRWhpV0hGSFZUbDNVRGx6Vms5R0wzVm5Va0Z0TlZSUENtaExWM0pHTkdORk5TOTBWbEZZTUc1dFEzWTVaeXRTZEVNMFduRjFPREJyS3pkMFRrNDJiRk5QV2tGUFdITTJSVFZCU0RoUGRtODFURE5DU0ZveWExUUtkVE5UUzJobFRXSklVRGhoZEhSUEswRk1LMVZVVlRKS05XRndhVWMyV205dFQyZG5kM0lyTUVKNGRWWkROMHQ2WmxrMmFGVXhlWEF4UVRCQ2VIVm9Zd29yVlhCdFdHSmhaVTlwYkZCbmVXNHZhRFZ2WkhWb1lYQnJNV1JNY0VGRFRGRXZURnA0VUV4WWIxQTFTakp3TVdSblEzZDNUVE56ZW5GbVFWZHBaelUyQ205dFZVZG5kRk15YldWVk1uY3dTMWR2WldsNU5Fb3dUbGR0VEdKUE1XMVJhblJuVHl0a01WUTBkbEJ2YTFFMmVVRjJjRkJUTjJoWFNrRlZNM0JZYW5JS1pGUlJObVZFYUVreEwzTTJDaTB0TFMwdFJVNUVJRU5GVWxSSlJrbERRVlJGTFMwdExTMEsnICd0ZXN0aW5nLWVudicKCkNBX0NFUlRJRklDQVRFX0RJUkVDVE9SWT0vZXRjL2t1YmVybmV0ZXMvcGtpCkNBX0NFUlRJRklDQVRFX0ZJTEVfUEFUSD0kQ0FfQ0VSVElGSUNBVEVfRElSRUNUT1JZL2NhLmNydApta2RpciAtcCAkQ0FfQ0VSVElGSUNBVEVfRElSRUNUT1JZCmVjaG8gIkxTMHRMUzFDUlVkSlRpQkRSVkpVU1VaSlEwRlVSUzB0TFMwdENrMUpTVVJDVkVORFFXVXlaMEYzU1VKQlowbEpWVEp0VWpCQ00xRnpURVYzUkZGWlNrdHZXa2xvZG1OT1FWRkZURUpSUVhkR1ZFVlVUVUpGUjBFeFZVVUtRWGhOUzJFelZtbGFXRXAxV2xoU2JHTjZRV1ZHZHpCNVRsUkJNMDFFVlhsTlJFMHhUbFJTWVVaM01IcE9WRUV6VFVSTmVVMUVVWGRPVkZKaFRVSlZlQXBGZWtGU1FtZE9Wa0pCVFZSRGJYUXhXVzFXZVdKdFZqQmFXRTEzWjJkRmFVMUJNRWREVTNGSFUwbGlNMFJSUlVKQlVWVkJRVFJKUWtSM1FYZG5aMFZMQ2tGdlNVSkJVVVJRZVVOSVV6RjJWVkV2U0ZKRmRtc3pXamxoWlZoMGJIUm1XRFJRUmtJemNqUnVkWEpZYVdFMVdXMWFLM1p2ZEM5d2MydEhaamx1U20wS1EwWjFkREJsVDNwQ1owb3JkVlJETDBsalMwdG9TMnh5ZFU4d2VVUk1XRXhRZG0xTlVYRnpTV3Q2UVhCeEwyNDBOWFJEY1ZkWlEwTTJUVGN4Wm1SNlNRcGlOWFZaWTJobE1UQXZlakkxY1dkU2JWRlBPRmsyTm5scmJYSlRlR2x5VFhwSVFrUTFVREpFTlZoQlYzQnlTeXN2T0dOaVFpdFNTbmQzY2pOc1V6WkZDa3hSWVZWa05tSnBaazlyVmxscVYwc3lNMUZPYTBaV2R6RXpVa0U0T0hjNVozZ3ZaazV3Vm1KNVVXVmFkVmxtVVVKeVJrSmFLMEV4V21OSFoyTXZSa2dLVlV0dlNYSkJiazlxYURWVVIxSmFNR1p1Ym5selZXSlJhR0pGYmtsMmJtNXpOMVpzVWxVek1YbEdTbVE1U1U5UVRXRm1TazU1U0RGa2NYcENkemhNYlFwWlF6VXZUVEpKVkVaSlZqbDRVRFpZZUhSbU5rZEJjbGc1Vld0dVFXZE5Ra0ZCUjJwWFZFSllUVUUwUjBFeFZXUkVkMFZDTDNkUlJVRjNTVU53UkVGUUNrSm5UbFpJVWsxQ1FXWTRSVUpVUVVSQlVVZ3ZUVUl3UjBFeFZXUkVaMUZYUWtKUmIwaExZelJrYkROaGVsQjZialZoVjNWS1lXaFJkbVpYVEcxcVFWWUtRbWRPVmtoU1JVVkVha0ZOWjJkd2NtUlhTbXhqYlRWc1pFZFdlazFCTUVkRFUzRkhVMGxpTTBSUlJVSkRkMVZCUVRSSlFrRlJRamh5VkRkTEwxSkVhZ3BMVDJJNWJVRTBhRGRGWVdZMk5HZGpPR1pMYm5WelEyeDJZMk5uY1hSV2NIQkVlWGxEZVN0d2NFaGlXSEZIVlRsM1VEbHpWazlHTDNWblVrRnROVlJQQ21oTFYzSkdOR05GTlM5MFZsRllNRzV0UTNZNVp5dFNkRU0wV25GMU9EQnJLemQwVGs0MmJGTlBXa0ZQV0hNMlJUVkJTRGhQZG04MVRETkNTRm95YTFRS2RUTlRTMmhsVFdKSVVEaGhkSFJQSzBGTUsxVlVWVEpLTldGd2FVYzJXbTl0VDJkbmQzSXJNRUo0ZFZaRE4wdDZabGsyYUZVeGVYQXhRVEJDZUhWb1l3b3JWWEJ0V0dKaFpVOXBiRkJuZVc0dmFEVnZaSFZvWVhCck1XUk1jRUZEVEZFdlRGcDRVRXhZYjFBMVNqSndNV1JuUTNkM1RUTnplbkZtUVZkcFp6VTJDbTl0VlVkbmRGTXliV1ZWTW5jd1MxZHZaV2w1TkVvd1RsZHRUR0pQTVcxUmFuUm5UeXRrTVZRMGRsQnZhMUUyZVVGMmNGQlROMmhYU2tGVk0zQllhbklLWkZSUk5tVkVhRWt4TDNNMkNpMHRMUzB0UlU1RUlFTkZVbFJKUmtsRFFWUkZMUzB0TFMwSyIgfCBiYXNlNjQgLWQgPiAgJENBX0NFUlRJRklDQVRFX0ZJTEVfUEFUSApJTlRFUk5BTF9JUD0kKGN1cmwgLXMgaHR0cDovLzE2OS4yNTQuMTY5LjI1NC9sYXRlc3QvbWV0YS1kYXRhL2xvY2FsLWlwdjQpCnNlZCAtaSBzLE1BU1RFUl9FTkRQT0lOVCxodHRwczovLzU3MUU3N0U1MDIwNDhCNjA2MjdFNkMyMDFDMkZBNDEyLmdyNy51cy1lYXN0LTEuZWtzLmFtYXpvbmF3cy5jb20sZyAvdmFyL2xpYi9rdWJlbGV0L2t1YmVjb25maWcKc2VkIC1pIHMsQ0xVU1RFUl9OQU1FLHRlc3RpbmctZW52LGcgL3Zhci9saWIva3ViZWxldC9rdWJlY29uZmlnCnNlZCAtaSBzLFJFR0lPTix1cy1lYXN0LTEsZyAvZXRjL3N5c3RlbWQvc3lzdGVtL2t1YmVsZXQuc2VydmljZQpzZWQgLWkgcyxNQVhfUE9EUywxMTAsZyAvZXRjL3N5c3RlbWQvc3lzdGVtL2t1YmVsZXQuc2VydmljZQpzZWQgLWkgcyxNQVNURVJfRU5EUE9JTlQsaHR0cHM6Ly81NzFFNzdFNTAyMDQ4QjYwNjI3RTZDMjAxQzJGQTQxMi5ncjcudXMtZWFzdC0xLmVrcy5hbWF6b25hd3MuY29tLGcgL2V0Yy9zeXN0ZW1kL3N5c3RlbS9rdWJlbGV0LnNlcnZpY2UKc2VkIC1pIHMsSU5URVJOQUxfSVAsJElOVEVSTkFMX0lQLGcgL2V0Yy9zeXN0ZW1kL3N5c3RlbS9rdWJlbGV0LnNlcnZpY2UKc2VkIC1pIHMsQ0VSVElGSUNBVEVfQVVUSE9SSVRZX0ZJTEUsJENBX0NFUlRJRklDQVRFX0ZJTEVfUEFUSCxnIC92YXIvbGliL2t1YmVsZXQva3ViZWNvbmZpZwpzZWQgLWkgcyxDTElFTlRfQ0FfRklMRSwkQ0FfQ0VSVElGSUNBVEVfRklMRV9QQVRILGcgIC9ldGMvc3lzdGVtZC9zeXN0ZW0va3ViZWxldC5zZXJ2aWNlCkxPR0ZJTEU9L3Zhci9sb2cvdXNlcmRhdGEubG9nCiMjIyBQYWNrYWdlcyBpbnN0YWxsICMjIwpzdWRvIGFwdCB1cGRhdGUgLXkKc3VkbyBhcHQgaW5zdGFsbCB1bnppcCAteQpzdWRvIGFwdCBpbnN0YWxsIC15IHJlc29sdmNvbmYKIyMgSW5zdGFsbCBBV1MgY2xpCnN1ZG8gY3VybCAiaHR0cHM6Ly9hd3NjbGkuYW1hem9uYXdzLmNvbS9hd3NjbGktZXhlLWxpbnV4LXg4Nl82NC56aXAiIC1vICJhd3NjbGl2Mi56aXAiCnN1ZG8gdW56aXAgYXdzY2xpdjIuemlwCnN1ZG8gLi9hd3MvaW5zdGFsbApzdWRvIC4vYXdzL2luc3RhbGwgLWkgL3Vzci9sb2NhbC9hd3MtY2xpIC1iIC91c3IvbG9jYWwvYmluCnN1ZG8gcm0gLWYgYXdzY2xpdjIuemlwCnNsZWVwIDNzCiMjIEluc3RhbGwgU2Vzc2lvbiBNYW5hZ2VyICMjIwpzdWRvIGN1cmwgImh0dHBzOi8vczMuYW1hem9uYXdzLmNvbS9zZXNzaW9uLW1hbmFnZXItZG93bmxvYWRzL3BsdWdpbi9sYXRlc3QvdWJ1bnR1XzY0Yml0L3Nlc3Npb24tbWFuYWdlci1wbHVnaW4uZGViIiAtbyAic2Vzc2lvbi1tYW5hZ2VyLXBsdWdpbi5kZWIiCnN1ZG8gZHBrZyAtaSBzZXNzaW9uLW1hbmFnZXItcGx1Z2luLmRlYgpzbGVlcCAzcwo=",
            "vpc_security_group_ids": []
          },
          "sensitive_attributes": [],
          "identity_schema_version": 0,
          "private": "bnVsbA==",
          "dependencies": [
            "module.compute.aws_cloudwatch_log_group.cluster",
            "module.compute.aws_eks_cluster.cluster",
            "module.compute.data.aws_kms_key.eks_kms_key_arn",
            "module.iam.aws_iam_role.cluster_role",
            "module.launchtemplate.data.aws_ami.eks_image",
            "module.networking.aws_eip.eks_network_nat_gateway",
            "module.networking.aws_internet_gateway.eks_network_gateway",
            "module.networking.aws_nat_gateway.eks_network_nat_gateway",
            "module.networking.aws_security_group.control_plane",
            "module.networking.aws_security_group.worker_node_sg",
            "module.networking.aws_subnet.private",
            "module.networking.aws_subnet.public",
            "module.networking.aws_vpc.eks_network",
            "module.networking.data.aws_availability_zones.available"
          ],
          "create_before_destroy": true
        }
      ]
    },
    {
      "module": "module.networking",
      "mode": "data",
      "type": "aws_availability_zones",
      "name": "available",
      "provider": "provider[\"registry.terraform.io/hashicorp/aws\"]",
      "instances": [
        {
          "schema_version": 0,
          "attributes": {
            "all_availability_zones": null,
            "exclude_names": null,
            "exclude_zone_ids": null,
            "filter": null,
            "group_names": [
              "us-east-1-zg-1"
            ],
            "id": "us-east-1",
            "names": [
              "us-east-1a",
              "us-east-1b",
              "us-east-1c",
              "us-east-1d",
              "us-east-1e",
              "us-east-1f"
            ],
            "region": "us-east-1",
            "state": null,
            "timeouts": null,
            "zone_ids": [
              "use1-az1",
              "use1-az2",
              "use1-az4",
              "use1-az6",
              "use1-az3",
              "use1-az5"
            ]
          },
          "sensitive_attributes": [],
          "identity_schema_version": 0
        }
      ]
    },
    {
      "module": "module.networking",
      "mode": "managed",
      "type": "aws_eip",
      "name": "eks_network_nat_gateway",
      "provider": "provider[\"registry.terraform.io/hashicorp/aws\"]",
      "instances": [
        {
          "schema_version": 0,
          "attributes": {
            "address": null,
            "allocation_id": "eipalloc-0fd90de0ca9bca62a",
            "arn": "arn:aws:ec2:us-east-1:250139002704:elastic-ip/eipalloc-0fd90de0ca9bca62a",
            "associate_with_private_ip": null,
            "association_id": "eipassoc-0ba2e9d569a5b0152",
            "carrier_ip": "",
            "customer_owned_ip": "",
            "customer_owned_ipv4_pool": "",
            "domain": "vpc",
            "id": "eipalloc-0fd90de0ca9bca62a",
            "instance": "",
            "ipam_pool_id": null,
            "network_border_group": "us-east-1",
            "network_interface": "eni-06e9083fa77e8031b",
            "private_dns": "ip-31-0-0-227.ec2.internal",
            "private_ip": "31.0.0.227",
            "ptr_record": "",
            "public_dns": "ec2-52-206-222-21.compute-1.amazonaws.com",
            "public_ip": "52.206.222.21",
            "public_ipv4_pool": "amazon",
            "region": "us-east-1",
            "tags": {
              "Name": "testing-env-nat-gateway"
            },
            "tags_all": {
              "Name": "testing-env-nat-gateway"
            },
            "timeouts": null
          },
          "sensitive_attributes": [],
          "identity_schema_version": 0,
          "private": "eyJlMmJmYjczMC1lY2FhLTExZTYtOGY4OC0zNDM2M2JjN2M0YzAiOnsiZGVsZXRlIjoxODAwMDAwMDAwMDAsInJlYWQiOjkwMDAwMDAwMDAwMCwidXBkYXRlIjozMDAwMDAwMDAwMDB9fQ==",
          "dependencies": [
            "module.networking.aws_internet_gateway.eks_network_gateway",
            "module.networking.aws_vpc.eks_network"
          ],
          "create_before_destroy": true
        }
      ]
    },
    {
      "module": "module.networking",
      "mode": "managed",
      "type": "aws_internet_gateway",
      "name": "eks_network_gateway",
      "provider": "provider[\"registry.terraform.io/hashicorp/aws\"]",
      "instances": [
        {
          "schema_version": 0,
          "attributes": {
            "arn": "arn:aws:ec2:us-east-1:250139002704:internet-gateway/igw-08378ec98731a3544",
            "id": "igw-08378ec98731a3544",
            "owner_id": "250139002704",
            "region": "us-east-1",
            "tags": {
              "Name": "testing-env"
            },
            "tags_all": {
              "Name": "testing-env"
            },
            "timeouts": null,
            "vpc_id": "vpc-0cca03bbf267428ef"
          },
          "sensitive_attributes": [],
          "identity_schema_version": 0,
          "private": "eyJlMmJmYjczMC1lY2FhLTExZTYtOGY4OC0zNDM2M2JjN2M0YzAiOnsiY3JlYXRlIjoxMjAwMDAwMDAwMDAwLCJkZWxldGUiOjEyMDAwMDAwMDAwMDAsInVwZGF0ZSI6MTIwMDAwMDAwMDAwMH19",
          "dependencies": [
            "module.networking.aws_vpc.eks_network"
          ],
          "create_before_destroy": true
        }
      ]
    },
    {
      "module": "module.networking",
      "mode": "managed",
      "type": "aws_nat_gateway",
      "name": "eks_network_nat_gateway",
      "provider": "provider[\"registry.terraform.io/hashicorp/aws\"]",
      "instances": [
        {
          "schema_version": 0,
          "attributes": {
            "allocation_id": "eipalloc-0fd90de0ca9bca62a",
            "association_id": "eipassoc-0ba2e9d569a5b0152",
            "connectivity_type": "public",
            "id": "nat-0abc4f6109db37bd9",
            "network_interface_id": "eni-06e9083fa77e8031b",
            "private_ip": "31.0.0.227",
            "public_ip": "52.206.222.21",
            "region": "us-east-1",
            "secondary_allocation_ids": [],
            "secondary_private_ip_address_count": 0,
            "secondary_private_ip_addresses": [],
            "subnet_id": "subnet-03718f090f18f0d94",
            "tags": {
              "Name": "testing-env"
            },
            "tags_all": {
              "Name": "testing-env"
            },
            "timeouts": null
          },
          "sensitive_attributes": [],
          "identity_schema_version": 0,
          "private": "eyJlMmJmYjczMC1lY2FhLTExZTYtOGY4OC0zNDM2M2JjN2M0YzAiOnsiY3JlYXRlIjo2MDAwMDAwMDAwMDAsImRlbGV0ZSI6MTgwMDAwMDAwMDAwMCwidXBkYXRlIjo2MDAwMDAwMDAwMDB9fQ==",
          "dependencies": [
            "module.networking.aws_eip.eks_network_nat_gateway",
            "module.networking.aws_internet_gateway.eks_network_gateway",
            "module.networking.aws_subnet.public",
            "module.networking.aws_vpc.eks_network",
            "module.networking.data.aws_availability_zones.available"
          ],
          "create_before_destroy": true
        }
      ]
    },
    {
      "module": "module.networking",
      "mode": "managed",
      "type": "aws_route",
      "name": "internet-gateway",
      "provider": "provider[\"registry.terraform.io/hashicorp/aws\"]",
      "instances": [
        {
          "schema_version": 0,
          "attributes": {
            "carrier_gateway_id": "",
            "core_network_arn": "",
            "destination_cidr_block": "0.0.0.0/0",
            "destination_ipv6_cidr_block": "",
            "destination_prefix_list_id": "",
            "egress_only_gateway_id": "",
            "gateway_id": "igw-08378ec98731a3544",
            "id": "r-rtb-09ce605142b7c403c1080289494",
            "instance_id": "",
            "instance_owner_id": "",
            "local_gateway_id": "",
            "nat_gateway_id": "",
            "network_interface_id": "",
            "origin": "CreateRoute",
            "region": "us-east-1",
            "route_table_id": "rtb-09ce605142b7c403c",
            "state": "active",
            "timeouts": null,
            "transit_gateway_id": "",
            "vpc_endpoint_id": "",
            "vpc_peering_connection_id": ""
          },
          "sensitive_attributes": [],
          "identity_schema_version": 0,
          "private": "eyJlMmJmYjczMC1lY2FhLTExZTYtOGY4OC0zNDM2M2JjN2M0YzAiOnsiY3JlYXRlIjozMDAwMDAwMDAwMDAsImRlbGV0ZSI6MzAwMDAwMDAwMDAwLCJ1cGRhdGUiOjEyMDAwMDAwMDAwMH19",
          "dependencies": [
            "module.networking.aws_internet_gateway.eks_network_gateway",
            "module.networking.aws_route_table.eks_network_public",
            "module.networking.aws_vpc.eks_network"
          ]
        }
      ]
    },
    {
      "module": "module.networking",
      "mode": "managed",
      "type": "aws_route",
      "name": "nat-gateway",
      "provider": "provider[\"registry.terraform.io/hashicorp/aws\"]",
      "instances": [
        {
          "schema_version": 0,
          "attributes": {
            "carrier_gateway_id": "",
            "core_network_arn": "",
            "destination_cidr_block": "0.0.0.0/0",
            "destination_ipv6_cidr_block": "",
            "destination_prefix_list_id": "",
            "egress_only_gateway_id": "",
            "gateway_id": "",
            "id": "r-rtb-0bcf6f07975ba3ad91080289494",
            "instance_id": "",
            "instance_owner_id": "",
            "local_gateway_id": "",
            "nat_gateway_id": "nat-0abc4f6109db37bd9",
            "network_interface_id": "",
            "origin": "CreateRoute",
            "region": "us-east-1",
            "route_table_id": "rtb-0bcf6f07975ba3ad9",
            "state": "active",
            "timeouts": null,
            "transit_gateway_id": "",
            "vpc_endpoint_id": "",
            "vpc_peering_connection_id": ""
          },
          "sensitive_attributes": [],
          "identity_schema_version": 0,
          "private": "eyJlMmJmYjczMC1lY2FhLTExZTYtOGY4OC0zNDM2M2JjN2M0YzAiOnsiY3JlYXRlIjozMDAwMDAwMDAwMDAsImRlbGV0ZSI6MzAwMDAwMDAwMDAwLCJ1cGRhdGUiOjEyMDAwMDAwMDAwMH19",
          "dependencies": [
            "module.networking.aws_eip.eks_network_nat_gateway",
            "module.networking.aws_internet_gateway.eks_network_gateway",
            "module.networking.aws_nat_gateway.eks_network_nat_gateway",
            "module.networking.aws_route_table.eks_network_private",
            "module.networking.aws_subnet.public",
            "module.networking.aws_vpc.eks_network",
            "module.networking.data.aws_availability_zones.available"
          ]
        }
      ]
    },
    {
      "module": "module.networking",
      "mode": "managed",
      "type": "aws_route_table",
      "name": "eks_network_private",
      "provider": "provider[\"registry.terraform.io/hashicorp/aws\"]",
      "instances": [
        {
          "schema_version": 0,
          "attributes": {
            "arn": "arn:aws:ec2:us-east-1:250139002704:route-table/rtb-0bcf6f07975ba3ad9",
            "id": "rtb-0bcf6f07975ba3ad9",
            "owner_id": "250139002704",
            "propagating_vgws": [],
            "region": "us-east-1",
            "route": [
              {
                "carrier_gateway_id": "",
                "cidr_block": "0.0.0.0/0",
                "core_network_arn": "",
                "destination_prefix_list_id": "",
                "egress_only_gateway_id": "",
                "gateway_id": "",
                "ipv6_cidr_block": "",
                "local_gateway_id": "",
                "nat_gateway_id": "nat-0abc4f6109db37bd9",
                "network_interface_id": "",
                "transit_gateway_id": "",
                "vpc_endpoint_id": "",
                "vpc_peering_connection_id": ""
              }
            ],
            "tags": {
              "Name": "testing-env-private"
            },
            "tags_all": {
              "Name": "testing-env-private"
            },
            "timeouts": null,
            "vpc_id": "vpc-0cca03bbf267428ef"
          },
          "sensitive_attributes": [],
          "identity_schema_version": 0,
          "private": "eyJlMmJmYjczMC1lY2FhLTExZTYtOGY4OC0zNDM2M2JjN2M0YzAiOnsiY3JlYXRlIjozMDAwMDAwMDAwMDAsImRlbGV0ZSI6MzAwMDAwMDAwMDAwLCJ1cGRhdGUiOjEyMDAwMDAwMDAwMH19",
          "dependencies": [
            "module.networking.aws_vpc.eks_network"
          ]
        }
      ]
    },
    {
      "module": "module.networking",
      "mode": "managed",
      "type": "aws_route_table",
      "name": "eks_network_public",
      "provider": "provider[\"registry.terraform.io/hashicorp/aws\"]",
      "instances": [
        {
          "schema_version": 0,
          "attributes": {
            "arn": "arn:aws:ec2:us-east-1:250139002704:route-table/rtb-09ce605142b7c403c",
            "id": "rtb-09ce605142b7c403c",
            "owner_id": "250139002704",
            "propagating_vgws": [],
            "region": "us-east-1",
            "route": [
              {
                "carrier_gateway_id": "",
                "cidr_block": "0.0.0.0/0",
                "core_network_arn": "",
                "destination_prefix_list_id": "",
                "egress_only_gateway_id": "",
                "gateway_id": "igw-08378ec98731a3544",
                "ipv6_cidr_block": "",
                "local_gateway_id": "",
                "nat_gateway_id": "",
                "network_interface_id": "",
                "transit_gateway_id": "",
                "vpc_endpoint_id": "",
                "vpc_peering_connection_id": ""
              }
            ],
            "tags": {
              "Name": "testing-env-public"
            },
            "tags_all": {
              "Name": "testing-env-public"
            },
            "timeouts": null,
            "vpc_id": "vpc-0cca03bbf267428ef"
          },
          "sensitive_attributes": [],
          "identity_schema_version": 0,
          "private": "eyJlMmJmYjczMC1lY2FhLTExZTYtOGY4OC0zNDM2M2JjN2M0YzAiOnsiY3JlYXRlIjozMDAwMDAwMDAwMDAsImRlbGV0ZSI6MzAwMDAwMDAwMDAwLCJ1cGRhdGUiOjEyMDAwMDAwMDAwMH19",
          "dependencies": [
            "module.networking.aws_vpc.eks_network"
          ]
        }
      ]
    },
    {
      "module": "module.networking",
      "mode": "managed",
      "type": "aws_route_table_association",
      "name": "private",
      "provider": "provider[\"registry.terraform.io/hashicorp/aws\"]",
      "instances": [
        {
          "index_key": 0,
          "schema_version": 0,
          "attributes": {
            "gateway_id": "",
            "id": "rtbassoc-03c95586f01e8fa11",
            "region": "us-east-1",
            "route_table_id": "rtb-0bcf6f07975ba3ad9",
            "subnet_id": "subnet-084b6ee2727b5fe60",
            "timeouts": null
          },
          "sensitive_attributes": [],
          "identity_schema_version": 0,
          "private": "eyJlMmJmYjczMC1lY2FhLTExZTYtOGY4OC0zNDM2M2JjN2M0YzAiOnsiY3JlYXRlIjozMDAwMDAwMDAwMDAsImRlbGV0ZSI6MzAwMDAwMDAwMDAwLCJ1cGRhdGUiOjEyMDAwMDAwMDAwMH19",
          "dependencies": [
            "module.networking.aws_route_table.eks_network_private",
            "module.networking.aws_subnet.private",
            "module.networking.aws_vpc.eks_network"
          ]
        },
        {
          "index_key": 1,
          "schema_version": 0,
          "attributes": {
            "gateway_id": "",
            "id": "rtbassoc-08cd7536698f1a63c",
            "region": "us-east-1",
            "route_table_id": "rtb-0bcf6f07975ba3ad9",
            "subnet_id": "subnet-0c617a6e17646692e",
            "timeouts": null
          },
          "sensitive_attributes": [],
          "identity_schema_version": 0,
          "private": "eyJlMmJmYjczMC1lY2FhLTExZTYtOGY4OC0zNDM2M2JjN2M0YzAiOnsiY3JlYXRlIjozMDAwMDAwMDAwMDAsImRlbGV0ZSI6MzAwMDAwMDAwMDAwLCJ1cGRhdGUiOjEyMDAwMDAwMDAwMH19",
          "dependencies": [
            "module.networking.aws_route_table.eks_network_private",
            "module.networking.aws_subnet.private",
            "module.networking.aws_vpc.eks_network"
          ]
        },
        {
          "index_key": 2,
          "schema_version": 0,
          "attributes": {
            "gateway_id": "",
            "id": "rtbassoc-074a324334840cf57",
            "region": "us-east-1",
            "route_table_id": "rtb-0bcf6f07975ba3ad9",
            "subnet_id": "subnet-0eb42a8302f1400c9",
            "timeouts": null
          },
          "sensitive_attributes": [],
          "identity_schema_version": 0,
          "private": "eyJlMmJmYjczMC1lY2FhLTExZTYtOGY4OC0zNDM2M2JjN2M0YzAiOnsiY3JlYXRlIjozMDAwMDAwMDAwMDAsImRlbGV0ZSI6MzAwMDAwMDAwMDAwLCJ1cGRhdGUiOjEyMDAwMDAwMDAwMH19",
          "dependencies": [
            "module.networking.aws_route_table.eks_network_private",
            "module.networking.aws_subnet.private",
            "module.networking.aws_vpc.eks_network"
          ]
        }
      ]
    },
    {
      "module": "module.networking",
      "mode": "managed",
      "type": "aws_route_table_association",
      "name": "public",
      "provider": "provider[\"registry.terraform.io/hashicorp/aws\"]",
      "instances": [
        {
          "index_key": 0,
          "schema_version": 0,
          "attributes": {
            "gateway_id": "",
            "id": "rtbassoc-0b84f6535d10f0961",
            "region": "us-east-1",
            "route_table_id": "rtb-09ce605142b7c403c",
            "subnet_id": "subnet-03718f090f18f0d94",
            "timeouts": null
          },
          "sensitive_attributes": [],
          "identity_schema_version": 0,
          "private": "eyJlMmJmYjczMC1lY2FhLTExZTYtOGY4OC0zNDM2M2JjN2M0YzAiOnsiY3JlYXRlIjozMDAwMDAwMDAwMDAsImRlbGV0ZSI6MzAwMDAwMDAwMDAwLCJ1cGRhdGUiOjEyMDAwMDAwMDAwMH19",
          "dependencies": [
            "module.networking.aws_route_table.eks_network_public",
            "module.networking.aws_subnet.public",
            "module.networking.aws_vpc.eks_network",
            "module.networking.data.aws_availability_zones.available"
          ]
        },
        {
          "index_key": 1,
          "schema_version": 0,
          "attributes": {
            "gateway_id": "",
            "id": "rtbassoc-062aef3ea8315597a",
            "region": "us-east-1",
            "route_table_id": "rtb-09ce605142b7c403c",
            "subnet_id": "subnet-0f5d4d09bfb6a4abd",
            "timeouts": null
          },
          "sensitive_attributes": [],
          "identity_schema_version": 0,
          "private": "eyJlMmJmYjczMC1lY2FhLTExZTYtOGY4OC0zNDM2M2JjN2M0YzAiOnsiY3JlYXRlIjozMDAwMDAwMDAwMDAsImRlbGV0ZSI6MzAwMDAwMDAwMDAwLCJ1cGRhdGUiOjEyMDAwMDAwMDAwMH19",
          "dependencies": [
            "module.networking.aws_route_table.eks_network_public",
            "module.networking.aws_subnet.public",
            "module.networking.aws_vpc.eks_network",
            "module.networking.data.aws_availability_zones.available"
          ]
        },
        {
          "index_key": 2,
          "schema_version": 0,
          "attributes": {
            "gateway_id": "",
            "id": "rtbassoc-0ca0902f377397e40",
            "region": "us-east-1",
            "route_table_id": "rtb-09ce605142b7c403c",
            "subnet_id": "subnet-007db0406411196ba",
            "timeouts": null
          },
          "sensitive_attributes": [],
          "identity_schema_version": 0,
          "private": "eyJlMmJmYjczMC1lY2FhLTExZTYtOGY4OC0zNDM2M2JjN2M0YzAiOnsiY3JlYXRlIjozMDAwMDAwMDAwMDAsImRlbGV0ZSI6MzAwMDAwMDAwMDAwLCJ1cGRhdGUiOjEyMDAwMDAwMDAwMH19",
          "dependencies": [
            "module.networking.aws_route_table.eks_network_public",
            "module.networking.aws_subnet.public",
            "module.networking.aws_vpc.eks_network",
            "module.networking.data.aws_availability_zones.available"
          ]
        }
      ]
    },
    {
      "module": "module.networking",
      "mode": "managed",
      "type": "aws_security_group",
      "name": "control_plane",
      "provider": "provider[\"registry.terraform.io/hashicorp/aws\"]",
      "instances": [
        {
          "schema_version": 1,
          "attributes": {
            "arn": "arn:aws:ec2:us-east-1:250139002704:security-group/sg-0c0d1a2b45b8efed0",
            "description": "Cluster communication with worker nodes",
            "egress": [
              {
                "cidr_blocks": [
                  "0.0.0.0/0"
                ],
                "description": "",
                "from_port": 0,
                "ipv6_cidr_blocks": [],
                "prefix_list_ids": [],
                "protocol": "-1",
                "security_groups": [],
                "self": false,
                "to_port": 0
              },
              {
                "cidr_blocks": [],
                "description": "Allow Cluster API to node groups",
                "from_port": 443,
                "ipv6_cidr_blocks": [],
                "prefix_list_ids": [],
                "protocol": "tcp",
                "security_groups": [],
                "self": true,
                "to_port": 443
              },
              {
                "cidr_blocks": [],
                "description": "Allow worker Kubelets and pods to receive communication from the cluster control plane",
                "from_port": 1025,
                "ipv6_cidr_blocks": [],
                "prefix_list_ids": [],
                "protocol": "tcp",
                "security_groups": [],
                "self": true,
                "to_port": 65535
              },
              {
                "cidr_blocks": [],
                "description": "Allow worker Kubelets and pods to receive communication on localhost",
                "from_port": 8080,
                "ipv6_cidr_blocks": [],
                "prefix_list_ids": [],
                "protocol": "tcp",
                "security_groups": [],
                "self": true,
                "to_port": 8500
              },
              {
                "cidr_blocks": [],
                "description": "Cluster API to node kubelets",
                "from_port": 10250,
                "ipv6_cidr_blocks": [],
                "prefix_list_ids": [],
                "protocol": "tcp",
                "security_groups": [],
                "self": true,
                "to_port": 10250
              }
            ],
            "id": "sg-0c0d1a2b45b8efed0",
            "ingress": [
              {
                "cidr_blocks": [
                  "0.0.0.0/0"
                ],
                "description": "Allow workstation to communicate with the cluster API Server",
                "from_port": 443,
                "ipv6_cidr_blocks": [],
                "prefix_list_ids": [],
                "protocol": "tcp",
                "security_groups": [],
                "self": false,
                "to_port": 443
              },
              {
                "cidr_blocks": [],
                "description": "Allow Node groups to cluster commmunication",
                "from_port": 443,
                "ipv6_cidr_blocks": [],
                "prefix_list_ids": [],
                "protocol": "tcp",
                "security_groups": [],
                "self": true,
                "to_port": 443
              }
            ],
            "name": "eks-control-plane-testing-env",
            "name_prefix": "",
            "owner_id": "250139002704",
            "region": "us-east-1",
            "revoke_rules_on_delete": false,
            "tags": {
              "Name": "eks-control-plane-testing-env"
            },
            "tags_all": {
              "Name": "eks-control-plane-testing-env"
            },
            "timeouts": null,
            "vpc_id": "vpc-0cca03bbf267428ef"
          },
          "sensitive_attributes": [],
          "identity_schema_version": 0,
          "private": "eyJlMmJmYjczMC1lY2FhLTExZTYtOGY4OC0zNDM2M2JjN2M0YzAiOnsiY3JlYXRlIjo2MDAwMDAwMDAwMDAsImRlbGV0ZSI6OTAwMDAwMDAwMDAwfSwic2NoZW1hX3ZlcnNpb24iOiIxIn0=",
          "dependencies": [
            "module.networking.aws_vpc.eks_network"
          ],
          "create_before_destroy": true
        }
      ]
    },
    {
      "module": "module.networking",
      "mode": "managed",
      "type": "aws_security_group",
      "name": "worker_node_sg",
      "provider": "provider[\"registry.terraform.io/hashicorp/aws\"]",
      "instances": [
        {
          "schema_version": 1,
          "attributes": {
            "arn": "arn:aws:ec2:us-east-1:250139002704:security-group/sg-05486e9f9dde092e3",
            "description": "Security group for EKS worker nodes",
            "egress": [
              {
                "cidr_blocks": [
                  "0.0.0.0/0"
                ],
                "description": "Allow all outbound traffic",
                "from_port": 0,
                "ipv6_cidr_blocks": [],
                "prefix_list_ids": [],
                "protocol": "-1",
                "security_groups": [],
                "self": false,
                "to_port": 0
              }
            ],
            "id": "sg-05486e9f9dde092e3",
            "ingress": [
              {
                "cidr_blocks": [
                  "31.0.0.0/16"
                ],
                "description": "VPC CIDR",
                "from_port": 0,
                "ipv6_cidr_blocks": [],
                "prefix_list_ids": [],
                "protocol": "-1",
                "security_groups": [],
                "self": false,
                "to_port": 0
              },
              {
                "cidr_blocks": [],
                "description": "Allow all traffic within the security group",
                "from_port": 0,
                "ipv6_cidr_blocks": [],
                "prefix_list_ids": [],
                "protocol": "-1",
                "security_groups": [],
                "self": true,
                "to_port": 0
              },
              {
                "cidr_blocks": [],
                "description": "Cluster API to node kubelets",
                "from_port": 10250,
                "ipv6_cidr_blocks": [],
                "prefix_list_ids": [],
                "protocol": "tcp",
                "security_groups": [
                  "sg-0c0d1a2b45b8efed0"
                ],
                "self": false,
                "to_port": 10250
              },
              {
                "cidr_blocks": [],
                "description": "Cluster control plane SG for Cluster API to node groups",
                "from_port": 443,
                "ipv6_cidr_blocks": [],
                "prefix_list_ids": [],
                "protocol": "tcp",
                "security_groups": [
                  "sg-0c0d1a2b45b8efed0"
                ],
                "self": false,
                "to_port": 443
              },
              {
                "cidr_blocks": [],
                "description": "From control plane to 1025-65535",
                "from_port": 1025,
                "ipv6_cidr_blocks": [],
                "prefix_list_ids": [],
                "protocol": "tcp",
                "security_groups": [
                  "sg-0c0d1a2b45b8efed0"
                ],
                "self": false,
                "to_port": 65535
              },
              {
                "cidr_blocks": [],
                "description": "Node to node CoreDNS UDP",
                "from_port": 53,
                "ipv6_cidr_blocks": [],
                "prefix_list_ids": [],
                "protocol": "udp",
                "security_groups": [],
                "self": true,
                "to_port": 53
              },
              {
                "cidr_blocks": [],
                "description": "Node to node CoreDNS",
                "from_port": 53,
                "ipv6_cidr_blocks": [],
                "prefix_list_ids": [],
                "protocol": "tcp",
                "security_groups": [],
                "self": true,
                "to_port": 53
              },
              {
                "cidr_blocks": [],
                "description": "Node to node MySQL",
                "from_port": 3306,
                "ipv6_cidr_blocks": [],
                "prefix_list_ids": [],
                "protocol": "tcp",
                "security_groups": [],
                "self": true,
                "to_port": 3306
              }
            ],
            "name": "testing-env-worker-node-sg",
            "name_prefix": "",
            "owner_id": "250139002704",
            "region": "us-east-1",
            "revoke_rules_on_delete": false,
            "tags": {
              "Name": "testing-env-worker-node-sg"
            },
            "tags_all": {
              "Name": "testing-env-worker-node-sg"
            },
            "timeouts": null,
            "vpc_id": "vpc-0cca03bbf267428ef"
          },
          "sensitive_attributes": [],
          "identity_schema_version": 0,
          "private": "eyJlMmJmYjczMC1lY2FhLTExZTYtOGY4OC0zNDM2M2JjN2M0YzAiOnsiY3JlYXRlIjo2MDAwMDAwMDAwMDAsImRlbGV0ZSI6OTAwMDAwMDAwMDAwfSwic2NoZW1hX3ZlcnNpb24iOiIxIn0=",
          "dependencies": [
            "module.networking.aws_security_group.control_plane",
            "module.networking.aws_vpc.eks_network"
          ],
          "create_before_destroy": true
        }
      ]
    },
    {
      "module": "module.networking",
      "mode": "managed",
      "type": "aws_security_group_rule",
      "name": "cluster-endpoint-connection",
      "provider": "provider[\"registry.terraform.io/hashicorp/aws\"]",
      "instances": [
        {
          "schema_version": 2,
          "attributes": {
            "cidr_blocks": [
              "0.0.0.0/0"
            ],
            "description": "Allow workstation to communicate with the cluster API Server",
            "from_port": 443,
            "id": "sgrule-466301660",
            "ipv6_cidr_blocks": null,
            "prefix_list_ids": null,
            "protocol": "tcp",
            "region": "us-east-1",
            "security_group_id": "sg-0c0d1a2b45b8efed0",
            "security_group_rule_id": "sgr-083834c07fec73f26",
            "self": false,
            "source_security_group_id": null,
            "timeouts": null,
            "to_port": 443,
            "type": "ingress"
          },
          "sensitive_attributes": [],
          "identity_schema_version": 0,
          "private": "eyJlMmJmYjczMC1lY2FhLTExZTYtOGY4OC0zNDM2M2JjN2M0YzAiOnsiY3JlYXRlIjozMDAwMDAwMDAwMDB9LCJzY2hlbWFfdmVyc2lvbiI6IjIifQ==",
          "dependencies": [
            "module.networking.aws_security_group.control_plane",
            "module.networking.aws_vpc.eks_network"
          ]
        }
      ]
    },
    {
      "module": "module.networking",
      "mode": "managed",
      "type": "aws_security_group_rule",
      "name": "cluster-node",
      "provider": "provider[\"registry.terraform.io/hashicorp/aws\"]",
      "instances": [
        {
          "schema_version": 2,
          "attributes": {
            "cidr_blocks": null,
            "description": "Allow Node groups to cluster commmunication",
            "from_port": 443,
            "id": "sgrule-1908011130",
            "ipv6_cidr_blocks": null,
            "prefix_list_ids": null,
            "protocol": "tcp",
            "region": "us-east-1",
            "security_group_id": "sg-0c0d1a2b45b8efed0",
            "security_group_rule_id": "sgr-0c7c0c43fe809c2c5",
            "self": false,
            "source_security_group_id": "sg-0c0d1a2b45b8efed0",
            "timeouts": null,
            "to_port": 443,
            "type": "ingress"
          },
          "sensitive_attributes": [],
          "identity_schema_version": 0,
          "private": "eyJlMmJmYjczMC1lY2FhLTExZTYtOGY4OC0zNDM2M2JjN2M0YzAiOnsiY3JlYXRlIjozMDAwMDAwMDAwMDB9LCJzY2hlbWFfdmVyc2lvbiI6IjIifQ==",
          "dependencies": [
            "module.networking.aws_security_group.control_plane",
            "module.networking.aws_vpc.eks_network"
          ]
        }
      ]
    },
    {
      "module": "module.networking",
      "mode": "managed",
      "type": "aws_subnet",
      "name": "private",
      "provider": "provider[\"registry.terraform.io/hashicorp/aws\"]",
      "instances": [
        {
          "index_key": 0,
          "schema_version": 1,
          "attributes": {
            "arn": "arn:aws:ec2:us-east-1:250139002704:subnet/subnet-084b6ee2727b5fe60",
            "assign_ipv6_address_on_creation": false,
            "availability_zone": "us-east-1a",
            "availability_zone_id": "use1-az1",
            "cidr_block": "31.0.3.0/24",
            "customer_owned_ipv4_pool": "",
            "enable_dns64": false,
            "enable_lni_at_device_index": 0,
            "enable_resource_name_dns_a_record_on_launch": false,
            "enable_resource_name_dns_aaaa_record_on_launch": false,
            "id": "subnet-084b6ee2727b5fe60",
            "ipv6_cidr_block": "",
            "ipv6_cidr_block_association_id": "",
            "ipv6_native": false,
            "map_customer_owned_ip_on_launch": false,
            "map_public_ip_on_launch": false,
            "outpost_arn": "",
            "owner_id": "250139002704",
            "private_dns_hostname_type_on_launch": "ip-name",
            "region": "us-east-1",
            "tags": {
              "Name": "testing-env-private-1",
              "kubernetes.io/cluster/testing-env": "shared",
              "kubernetes.io/role/alb-ingress": "1",
              "kubernetes.io/role/internal-elb": "1",
              "subnet-type": "private"
            },
            "tags_all": {
              "Name": "testing-env-private-1",
              "kubernetes.io/cluster/testing-env": "shared",
              "kubernetes.io/role/alb-ingress": "1",
              "kubernetes.io/role/internal-elb": "1",
              "subnet-type": "private"
            },
            "timeouts": null,
            "vpc_id": "vpc-0cca03bbf267428ef"
          },
          "sensitive_attributes": [],
          "identity_schema_version": 0,
          "private": "eyJlMmJmYjczMC1lY2FhLTExZTYtOGY4OC0zNDM2M2JjN2M0YzAiOnsiY3JlYXRlIjo2MDAwMDAwMDAwMDAsImRlbGV0ZSI6MTIwMDAwMDAwMDAwMH0sInNjaGVtYV92ZXJzaW9uIjoiMSJ9",
          "dependencies": [
            "module.networking.aws_vpc.eks_network"
          ],
          "create_before_destroy": true
        },
        {
          "index_key": 1,
          "schema_version": 1,
          "attributes": {
            "arn": "arn:aws:ec2:us-east-1:250139002704:subnet/subnet-0c617a6e17646692e",
            "assign_ipv6_address_on_creation": false,
            "availability_zone": "us-east-1a",
            "availability_zone_id": "use1-az1",
            "cidr_block": "31.0.4.0/24",
            "customer_owned_ipv4_pool": "",
            "enable_dns64": false,
            "enable_lni_at_device_index": 0,
            "enable_resource_name_dns_a_record_on_launch": false,
            "enable_resource_name_dns_aaaa_record_on_launch": false,
            "id": "subnet-0c617a6e17646692e",
            "ipv6_cidr_block": "",
            "ipv6_cidr_block_association_id": "",
            "ipv6_native": false,
            "map_customer_owned_ip_on_launch": false,
            "map_public_ip_on_launch": false,
            "outpost_arn": "",
            "owner_id": "250139002704",
            "private_dns_hostname_type_on_launch": "ip-name",
            "region": "us-east-1",
            "tags": {
              "Name": "testing-env-private-2",
              "kubernetes.io/cluster/testing-env": "shared",
              "kubernetes.io/role/alb-ingress": "1",
              "kubernetes.io/role/internal-elb": "1",
              "subnet-type": "private"
            },
            "tags_all": {
              "Name": "testing-env-private-2",
              "kubernetes.io/cluster/testing-env": "shared",
              "kubernetes.io/role/alb-ingress": "1",
              "kubernetes.io/role/internal-elb": "1",
              "subnet-type": "private"
            },
            "timeouts": null,
            "vpc_id": "vpc-0cca03bbf267428ef"
          },
          "sensitive_attributes": [],
          "identity_schema_version": 0,
          "private": "eyJlMmJmYjczMC1lY2FhLTExZTYtOGY4OC0zNDM2M2JjN2M0YzAiOnsiY3JlYXRlIjo2MDAwMDAwMDAwMDAsImRlbGV0ZSI6MTIwMDAwMDAwMDAwMH0sInNjaGVtYV92ZXJzaW9uIjoiMSJ9",
          "dependencies": [
            "module.networking.aws_vpc.eks_network"
          ],
          "create_before_destroy": true
        },
        {
          "index_key": 2,
          "schema_version": 1,
          "attributes": {
            "arn": "arn:aws:ec2:us-east-1:250139002704:subnet/subnet-0eb42a8302f1400c9",
            "assign_ipv6_address_on_creation": false,
            "availability_zone": "us-east-1b",
            "availability_zone_id": "use1-az2",
            "cidr_block": "31.0.5.0/24",
            "customer_owned_ipv4_pool": "",
            "enable_dns64": false,
            "enable_lni_at_device_index": 0,
            "enable_resource_name_dns_a_record_on_launch": false,
            "enable_resource_name_dns_aaaa_record_on_launch": false,
            "id": "subnet-0eb42a8302f1400c9",
            "ipv6_cidr_block": "",
            "ipv6_cidr_block_association_id": "",
            "ipv6_native": false,
            "map_customer_owned_ip_on_launch": false,
            "map_public_ip_on_launch": false,
            "outpost_arn": "",
            "owner_id": "250139002704",
            "private_dns_hostname_type_on_launch": "ip-name",
            "region": "us-east-1",
            "tags": {
              "Name": "testing-env-private-2",
              "kubernetes.io/cluster/testing-env": "shared",
              "kubernetes.io/role/alb-ingress": "1",
              "kubernetes.io/role/internal-elb": "1",
              "subnet-type": "private"
            },
            "tags_all": {
              "Name": "testing-env-private-2",
              "kubernetes.io/cluster/testing-env": "shared",
              "kubernetes.io/role/alb-ingress": "1",
              "kubernetes.io/role/internal-elb": "1",
              "subnet-type": "private"
            },
            "timeouts": null,
            "vpc_id": "vpc-0cca03bbf267428ef"
          },
          "sensitive_attributes": [],
          "identity_schema_version": 0,
          "private": "eyJlMmJmYjczMC1lY2FhLTExZTYtOGY4OC0zNDM2M2JjN2M0YzAiOnsiY3JlYXRlIjo2MDAwMDAwMDAwMDAsImRlbGV0ZSI6MTIwMDAwMDAwMDAwMH0sInNjaGVtYV92ZXJzaW9uIjoiMSJ9",
          "dependencies": [
            "module.networking.aws_vpc.eks_network"
          ],
          "create_before_destroy": true
        }
      ]
    },
    {
      "module": "module.networking",
      "mode": "managed",
      "type": "aws_subnet",
      "name": "public",
      "provider": "provider[\"registry.terraform.io/hashicorp/aws\"]",
      "instances": [
        {
          "index_key": 0,
          "schema_version": 1,
          "attributes": {
            "arn": "arn:aws:ec2:us-east-1:250139002704:subnet/subnet-03718f090f18f0d94",
            "assign_ipv6_address_on_creation": false,
            "availability_zone": "us-east-1a",
            "availability_zone_id": "use1-az1",
            "cidr_block": "31.0.0.0/24",
            "customer_owned_ipv4_pool": "",
            "enable_dns64": false,
            "enable_lni_at_device_index": 0,
            "enable_resource_name_dns_a_record_on_launch": false,
            "enable_resource_name_dns_aaaa_record_on_launch": false,
            "id": "subnet-03718f090f18f0d94",
            "ipv6_cidr_block": "",
            "ipv6_cidr_block_association_id": "",
            "ipv6_native": false,
            "map_customer_owned_ip_on_launch": false,
            "map_public_ip_on_launch": true,
            "outpost_arn": "",
            "owner_id": "250139002704",
            "private_dns_hostname_type_on_launch": "ip-name",
            "region": "us-east-1",
            "tags": {
              "Name": "testing-env-public-us-east-1a",
              "kubernetes.io/cluster/testing-env": "shared",
              "kubernetes.io/role/alb-ingress": "1",
              "kubernetes.io/role/elb": "1",
              "subnet-type": "public"
            },
            "tags_all": {
              "Name": "testing-env-public-us-east-1a",
              "kubernetes.io/cluster/testing-env": "shared",
              "kubernetes.io/role/alb-ingress": "1",
              "kubernetes.io/role/elb": "1",
              "subnet-type": "public"
            },
            "timeouts": null,
            "vpc_id": "vpc-0cca03bbf267428ef"
          },
          "sensitive_attributes": [],
          "identity_schema_version": 0,
          "private": "eyJlMmJmYjczMC1lY2FhLTExZTYtOGY4OC0zNDM2M2JjN2M0YzAiOnsiY3JlYXRlIjo2MDAwMDAwMDAwMDAsImRlbGV0ZSI6MTIwMDAwMDAwMDAwMH0sInNjaGVtYV92ZXJzaW9uIjoiMSJ9",
          "dependencies": [
            "module.networking.aws_vpc.eks_network",
            "module.networking.data.aws_availability_zones.available"
          ],
          "create_before_destroy": true
        },
        {
          "index_key": 1,
          "schema_version": 1,
          "attributes": {
            "arn": "arn:aws:ec2:us-east-1:250139002704:subnet/subnet-0f5d4d09bfb6a4abd",
            "assign_ipv6_address_on_creation": false,
            "availability_zone": "us-east-1b",
            "availability_zone_id": "use1-az2",
            "cidr_block": "31.0.1.0/24",
            "customer_owned_ipv4_pool": "",
            "enable_dns64": false,
            "enable_lni_at_device_index": 0,
            "enable_resource_name_dns_a_record_on_launch": false,
            "enable_resource_name_dns_aaaa_record_on_launch": false,
            "id": "subnet-0f5d4d09bfb6a4abd",
            "ipv6_cidr_block": "",
            "ipv6_cidr_block_association_id": "",
            "ipv6_native": false,
            "map_customer_owned_ip_on_launch": false,
            "map_public_ip_on_launch": true,
            "outpost_arn": "",
            "owner_id": "250139002704",
            "private_dns_hostname_type_on_launch": "ip-name",
            "region": "us-east-1",
            "tags": {
              "Name": "testing-env-public-us-east-1b",
              "kubernetes.io/cluster/testing-env": "shared",
              "kubernetes.io/role/alb-ingress": "1",
              "kubernetes.io/role/elb": "1",
              "subnet-type": "public"
            },
            "tags_all": {
              "Name": "testing-env-public-us-east-1b",
              "kubernetes.io/cluster/testing-env": "shared",
              "kubernetes.io/role/alb-ingress": "1",
              "kubernetes.io/role/elb": "1",
              "subnet-type": "public"
            },
            "timeouts": null,
            "vpc_id": "vpc-0cca03bbf267428ef"
          },
          "sensitive_attributes": [],
          "identity_schema_version": 0,
          "private": "eyJlMmJmYjczMC1lY2FhLTExZTYtOGY4OC0zNDM2M2JjN2M0YzAiOnsiY3JlYXRlIjo2MDAwMDAwMDAwMDAsImRlbGV0ZSI6MTIwMDAwMDAwMDAwMH0sInNjaGVtYV92ZXJzaW9uIjoiMSJ9",
          "dependencies": [
            "module.networking.aws_vpc.eks_network",
            "module.networking.data.aws_availability_zones.available"
          ],
          "create_before_destroy": true
        },
        {
          "index_key": 2,
          "schema_version": 1,
          "attributes": {
            "arn": "arn:aws:ec2:us-east-1:250139002704:subnet/subnet-007db0406411196ba",
            "assign_ipv6_address_on_creation": false,
            "availability_zone": "us-east-1c",
            "availability_zone_id": "use1-az4",
            "cidr_block": "31.0.2.0/24",
            "customer_owned_ipv4_pool": "",
            "enable_dns64": false,
            "enable_lni_at_device_index": 0,
            "enable_resource_name_dns_a_record_on_launch": false,
            "enable_resource_name_dns_aaaa_record_on_launch": false,
            "id": "subnet-007db0406411196ba",
            "ipv6_cidr_block": "",
            "ipv6_cidr_block_association_id": "",
            "ipv6_native": false,
            "map_customer_owned_ip_on_launch": false,
            "map_public_ip_on_launch": true,
            "outpost_arn": "",
            "owner_id": "250139002704",
            "private_dns_hostname_type_on_launch": "ip-name",
            "region": "us-east-1",
            "tags": {
              "Name": "testing-env-public-us-east-1c",
              "kubernetes.io/cluster/testing-env": "shared",
              "kubernetes.io/role/alb-ingress": "1",
              "kubernetes.io/role/elb": "1",
              "subnet-type": "public"
            },
            "tags_all": {
              "Name": "testing-env-public-us-east-1c",
              "kubernetes.io/cluster/testing-env": "shared",
              "kubernetes.io/role/alb-ingress": "1",
              "kubernetes.io/role/elb": "1",
              "subnet-type": "public"
            },
            "timeouts": null,
            "vpc_id": "vpc-0cca03bbf267428ef"
          },
          "sensitive_attributes": [],
          "identity_schema_version": 0,
          "private": "eyJlMmJmYjczMC1lY2FhLTExZTYtOGY4OC0zNDM2M2JjN2M0YzAiOnsiY3JlYXRlIjo2MDAwMDAwMDAwMDAsImRlbGV0ZSI6MTIwMDAwMDAwMDAwMH0sInNjaGVtYV92ZXJzaW9uIjoiMSJ9",
          "dependencies": [
            "module.networking.aws_vpc.eks_network",
            "module.networking.data.aws_availability_zones.available"
          ],
          "create_before_destroy": true
        }
      ]
    },
    {
      "module": "module.networking",
      "mode": "managed",
      "type": "aws_vpc",
      "name": "eks_network",
      "provider": "provider[\"registry.terraform.io/hashicorp/aws\"]",
      "instances": [
        {
          "schema_version": 1,
          "attributes": {
            "arn": "arn:aws:ec2:us-east-1:250139002704:vpc/vpc-0cca03bbf267428ef",
            "assign_generated_ipv6_cidr_block": false,
            "cidr_block": "31.0.0.0/16",
            "default_network_acl_id": "acl-08dc70456c91fd106",
            "default_route_table_id": "rtb-080c919dba631d1bc",
            "default_security_group_id": "sg-09384265ff782a4f7",
            "dhcp_options_id": "dopt-07f8c3b01eff2fc2d",
            "enable_dns_hostnames": false,
            "enable_dns_support": true,
            "enable_network_address_usage_metrics": false,
            "id": "vpc-0cca03bbf267428ef",
            "instance_tenancy": "default",
            "ipv4_ipam_pool_id": null,
            "ipv4_netmask_length": null,
            "ipv6_association_id": "",
            "ipv6_cidr_block": "",
            "ipv6_cidr_block_network_border_group": "",
            "ipv6_ipam_pool_id": "",
            "ipv6_netmask_length": 0,
            "main_route_table_id": "rtb-080c919dba631d1bc",
            "owner_id": "250139002704",
            "region": "us-east-1",
            "tags": {
              "Name": "testing-env"
            },
            "tags_all": {
              "Name": "testing-env"
            }
          },
          "sensitive_attributes": [],
          "identity_schema_version": 0,
          "private": "eyJzY2hlbWFfdmVyc2lvbiI6IjEifQ==",
          "create_before_destroy": true
        }
      ]
    },
    {
      "module": "module.rds",
      "mode": "managed",
      "type": "aws_db_instance",
      "name": "this",
      "provider": "provider[\"registry.terraform.io/hashicorp/aws\"]",
      "instances": [
        {
          "schema_version": 2,
          "attributes": {
            "address": "stagemysqldb.cktmkgcium1t.us-east-1.rds.amazonaws.com",
            "allocated_storage": 20,
            "allow_major_version_upgrade": null,
            "apply_immediately": false,
            "arn": "arn:aws:rds:us-east-1:250139002704:db:stagemysqldb",
            "auto_minor_version_upgrade": true,
            "availability_zone": "us-east-1a",
            "backup_retention_period": 0,
            "backup_target": "region",
            "backup_window": "09:00-09:30",
            "blue_green_update": [],
            "ca_cert_identifier": "rds-ca-rsa2048-g1",
            "character_set_name": "",
            "copy_tags_to_snapshot": false,
            "custom_iam_instance_profile": "",
            "customer_owned_ip_enabled": false,
            "database_insights_mode": "standard",
            "db_name": "stagemysqldb",
            "db_subnet_group_name": "rds-db-subnet-group",
            "dedicated_log_volume": false,
            "delete_automated_backups": true,
            "deletion_protection": false,
            "domain": "",
            "domain_auth_secret_arn": "",
            "domain_dns_ips": null,
            "domain_fqdn": "",
            "domain_iam_role_name": "",
            "domain_ou": "",
            "enabled_cloudwatch_logs_exports": null,
            "endpoint": "stagemysqldb.cktmkgcium1t.us-east-1.rds.amazonaws.com:3306",
            "engine": "mysql",
            "engine_lifecycle_support": "open-source-rds-extended-support",
            "engine_version": "8.0.36",
            "engine_version_actual": "8.0.36",
            "final_snapshot_identifier": null,
            "hosted_zone_id": "Z2R2ITUGPM61AM",
            "iam_database_authentication_enabled": false,
            "id": "db-WK22QAQHTFEYPAISUWEU6WWJXY",
            "identifier": "stagemysqldb",
            "identifier_prefix": "",
            "instance_class": "db.t3.micro",
            "iops": 0,
            "kms_key_id": "",
            "latest_restorable_time": "",
            "license_model": "general-public-license",
            "listener_endpoint": [],
            "maintenance_window": "wed:09:50-wed:10:20",
            "manage_master_user_password": null,
            "master_user_secret": [],
            "master_user_secret_kms_key_id": null,
            "max_allocated_storage": 0,
            "monitoring_interval": 0,
            "monitoring_role_arn": "",
            "multi_az": false,
            "nchar_character_set_name": "",
            "network_type": "IPV4",
            "option_group_name": "default:mysql-8-0",
            "parameter_group_name": "default.mysql8.0",
            "password": "bXlhZG1pbg==",
            "password_wo": null,
            "password_wo_version": null,
            "performance_insights_enabled": false,
            "performance_insights_kms_key_id": "",
            "performance_insights_retention_period": 0,
            "port": 3306,
            "publicly_accessible": false,
            "region": "us-east-1",
            "replica_mode": "",
            "replicas": [],
            "replicate_source_db": "",
            "resource_id": "db-WK22QAQHTFEYPAISUWEU6WWJXY",
            "restore_to_point_in_time": [],
            "s3_import": [],
            "skip_final_snapshot": true,
            "snapshot_identifier": null,
            "status": "available",
            "storage_encrypted": false,
            "storage_throughput": 0,
            "storage_type": "gp2",
            "tags": {
              "Cluster": "testing-env",
              "CreatedBY": "TerraformDevops",
              "Environment": "Development",
              "Owner": "DevOps Team",
              "Project": "Integrate-Infrastructure"
            },
            "tags_all": {
              "Cluster": "testing-env",
              "CreatedBY": "TerraformDevops",
              "Environment": "Development",
              "Owner": "DevOps Team",
              "Project": "Integrate-Infrastructure"
            },
            "timeouts": null,
            "timezone": "",
            "upgrade_storage_config": null,
            "username": "mysqluser",
            "vpc_security_group_ids": [
              "sg-05486e9f9dde092e3"
            ]
          },
          "sensitive_attributes": [
            [
              {
                "type": "get_attr",
                "value": "password"
              }
            ],
            [
              {
                "type": "get_attr",
                "value": "password_wo"
              }
            ]
          ],
          "identity_schema_version": 0,
          "private": "eyJlMmJmYjczMC1lY2FhLTExZTYtOGY4OC0zNDM2M2JjN2M0YzAiOnsiY3JlYXRlIjozMDAwMDAwMDAwMDAwLCJkZWxldGUiOjM2MDAwMDAwMDAwMDAsInVwZGF0ZSI6NDgwMDAwMDAwMDAwMH0sInNjaGVtYV92ZXJzaW9uIjoiMiJ9",
          "dependencies": [
            "aws_db_subnet_group.rds",
            "module.networking.aws_security_group.control_plane",
            "module.networking.aws_security_group.worker_node_sg",
            "module.networking.aws_subnet.private",
            "module.networking.aws_vpc.eks_network"
          ]
        }
      ]
    }
  ],
  "check_results": null
}
